{
  "version": 4,
  "terraform_version": "1.1.7",
  "serial": 2343,
  "lineage": "3ecc441a-2924-2978-6dd1-be34c2ff39fb",
  "outputs": {},
  "resources": [
    {
      "mode": "data",
      "type": "template_file",
      "name": "init",
      "provider": "provider[\"registry.terraform.io/hashicorp/template\"]",
      "instances": [
        {
          "schema_version": 0,
          "attributes": {
            "filename": null,
            "id": "2c48a5d66116e63003e368d789ff64278068ca5facde4c5c8cbfcbcbcf41e163",
            "rendered": "#!/bin/bash\nset -x #echo on\necho \"******** Terraform Api ******** \"\n\necho \"Update instance\"\ncd /home/ubuntu\n\napt-get -y update\n\nsudo apt-get -y install wget\n\necho \"Install ruby\"\nsudo mkdir tmp\necho \"    sudo apt-get -y install build-essential git-core curl libgdbm-dev libncurses5-dev libtool bison libffi-dev\n    # Install rbenv\n    git clone git://github.com/sstephenson/rbenv.git ~/.rbenv\n\n    echo $PATH\n\n    # Add rbenv paths and eval to .bashrc and .bash_profile (needed in login/non-login shells)\n    echo -e 'export PATH=\"./bin:$HOME/.rbenv/bin:$PATH\"\\neval \"$(rbenv init -)\"' | tee ~/.bash_profile ~/.bashrc\n    . ~/.bash_profile\n\n    echo $PATH\n\n    # Install rbenv plugns\n    git clone git://github.com/sstephenson/ruby-build.git ~/.rbenv/plugins/ruby-build\n    git clone git://github.com/sstephenson/rbenv-gem-rehash.git ~/.rbenv/plugins/rbenv-gem-rehash\n    git clone git://github.com/rkh/rbenv-update.git ~/.rbenv/plugins/rbenv-update\n    git clone git://github.com/dcarley/rbenv-sudo.git ~/.rbenv/plugins/rbenv-sudo\n\n    # Install and set default ruby version\n    cd ~/.rbenv\n    rbenv install --keep 2.1.6\n    rbenv global 2.1.6\n    ruby -v\n    echo ruby -v\n\n    sudo apt -y install rbenv\n\n    source ~/.bash_profile\n    rbenv versions\n    ruby -v\n    #ls /home/ubuntu/.rbenv/versions/\n    #ls /home/ubuntu/.rbenv/\n    #sudo apt-get update\n    #sudo apt-get -y install unzip\n    #sudo apt-get -y install libqt4-dev libsndfile1-dev\n    #wget http://s3.amazonaws.com/ec2-downloads/ec2-ami-tools.zip\n    #sudo mkdir -p /usr/local/ec2\n    #sudo unzip ec2-ami-tools.zip -d /usr/local/ec\n\n\" \u003e tmp/installruby.sh\n\nsudo bash tmp/installruby.sh\n\necho \"Install DOCKER\"\nsudo snap install docker\nsudo snap status docker #check the status\nsudo snap start docker # start the service\n\nsudo addgroup --system docker\nsudo adduser ubuntu docker\nsudo usermod -a -G docker ubuntu\ndocker -v\ndocker info\necho \"End Install DOCKER\"\n\necho \"Creating projects\"\ncd /home/ubuntu\n\n# AGENT\nwget https://aws-codedeploy-us-east-1.s3.amazonaws.com/latest/install\nsudo chmod +x ./install\nsudo ./install auto\nsudo service codedeploy-agent start\nsudo service codedeploy-agent status\n\ncd /home/ubuntu\n\nsudo rm -rf projects/\nsudo mkdir projects\nsudo chown -R ubuntu /home/ubuntu/projects/\nsudo chmod -R 777 /projects\n\n# curl -o- https://raw.githubusercontent.com/creationix/nvm/v0.32.0/install.sh | bash\n# . ~/.nvm/nvm.sh\n# nvm install 14\n# nvm use 14\n# nvm alias default 14\n\necho \"    MAIL_HOST=smtp.gmail.com\n    MAIL_PORT=587\n    MAIL_USER=klivus.corp@gmail.com\n    MAIL_PWD=!$!Kl1vu5\n    MAIL_SECURE=0\n    MAIL_FROM=Klivus\n\n    WHATSAPP_API=https://api.z-api.io/instances/3A85174A25C7B0CFFD9DCA51DBE1EE3C/token/0DFA493534BFE6DFB80DDFEB\n\n    BD_TYPE=postgres\n    BD_HOST=db-klivus.clcs0jkncxw4.us-east-1.rds.amazonaws.com\n    BD_PORT=5432\n    BD_USER_NAME=postgres\n    BD_PASSWORD=!#!kl1vus\n    BD_DATA_BASE=postgres\n\" \u003e tmp/.env.local\n\n# sudo git clone https://github.com/danlisboa/test-server.git .\ncd /home/ubuntu/projects/\n\nsudo git clone https://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@github.com/klivus/klivus-api.git .\n\n#sudo git checkout 8af402c99de87ab06203546020e93d91908c0f28\n\nsudo npm cache clean --force --unsafe-perm\n\nsudo cp /home/ubuntu/tmp/.env.local /home/ubuntu/projects/\n\nset -a # automatically export all variables\nsource .env\nset +a\n\necho \"Init bash start app\"\n\nchmod +x init.sh\nsudo bash init.sh \u003e log-deploy\n\necho \"End bash\"\n\n#sudo docker stats",
            "template": "#!/bin/bash\nset -x #echo on\necho \"******** Terraform Api ******** \"\n\necho \"Update instance\"\ncd /home/ubuntu\n\napt-get -y update\n\nsudo apt-get -y install wget\n\necho \"Install ruby\"\nsudo mkdir tmp\necho \"${installRuby}\" \u003e tmp/installruby.sh\n\nsudo bash tmp/installruby.sh\n\necho \"Install DOCKER\"\nsudo snap install docker\nsudo snap status docker #check the status\nsudo snap start docker # start the service\n\nsudo addgroup --system docker\nsudo adduser ubuntu docker\nsudo usermod -a -G docker ubuntu\ndocker -v\ndocker info\necho \"End Install DOCKER\"\n\necho \"Creating projects\"\ncd /home/ubuntu\n\n# AGENT\nwget https://aws-codedeploy-us-east-1.s3.amazonaws.com/latest/install\nsudo chmod +x ./install\nsudo ./install auto\nsudo service codedeploy-agent start\nsudo service codedeploy-agent status\n\ncd /home/ubuntu\n\nsudo rm -rf projects/\nsudo mkdir projects\nsudo chown -R ubuntu /home/ubuntu/projects/\nsudo chmod -R 777 /projects\n\n# curl -o- https://raw.githubusercontent.com/creationix/nvm/v0.32.0/install.sh | bash\n# . ~/.nvm/nvm.sh\n# nvm install 14\n# nvm use 14\n# nvm alias default 14\n\necho \"${varEnv}\" \u003e tmp/.env.local\n\n# sudo git clone https://github.com/danlisboa/test-server.git .\ncd /home/ubuntu/projects/\n\nsudo git clone ${repo} .\n\n#sudo git checkout 8af402c99de87ab06203546020e93d91908c0f28\n\nsudo npm cache clean --force --unsafe-perm\n\nsudo cp /home/ubuntu/tmp/.env.local /home/ubuntu/projects/\n\nset -a # automatically export all variables\nsource .env\nset +a\n\necho \"Init bash start app\"\n\nchmod +x init.sh\nsudo bash init.sh \u003e log-deploy\n\necho \"End bash\"\n\n#sudo docker stats",
            "vars": {
              "installRuby": "    sudo apt-get -y install build-essential git-core curl libgdbm-dev libncurses5-dev libtool bison libffi-dev\n    # Install rbenv\n    git clone git://github.com/sstephenson/rbenv.git ~/.rbenv\n\n    echo $PATH\n\n    # Add rbenv paths and eval to .bashrc and .bash_profile (needed in login/non-login shells)\n    echo -e 'export PATH=\"./bin:$HOME/.rbenv/bin:$PATH\"\\neval \"$(rbenv init -)\"' | tee ~/.bash_profile ~/.bashrc\n    . ~/.bash_profile\n\n    echo $PATH\n\n    # Install rbenv plugns\n    git clone git://github.com/sstephenson/ruby-build.git ~/.rbenv/plugins/ruby-build\n    git clone git://github.com/sstephenson/rbenv-gem-rehash.git ~/.rbenv/plugins/rbenv-gem-rehash\n    git clone git://github.com/rkh/rbenv-update.git ~/.rbenv/plugins/rbenv-update\n    git clone git://github.com/dcarley/rbenv-sudo.git ~/.rbenv/plugins/rbenv-sudo\n\n    # Install and set default ruby version\n    cd ~/.rbenv\n    rbenv install --keep 2.1.6\n    rbenv global 2.1.6\n    ruby -v\n    echo ruby -v\n\n    sudo apt -y install rbenv\n\n    source ~/.bash_profile\n    rbenv versions\n    ruby -v\n    #ls /home/ubuntu/.rbenv/versions/\n    #ls /home/ubuntu/.rbenv/\n    #sudo apt-get update\n    #sudo apt-get -y install unzip\n    #sudo apt-get -y install libqt4-dev libsndfile1-dev\n    #wget http://s3.amazonaws.com/ec2-downloads/ec2-ami-tools.zip\n    #sudo mkdir -p /usr/local/ec2\n    #sudo unzip ec2-ami-tools.zip -d /usr/local/ec\n\n",
              "repo": "https://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@github.com/klivus/klivus-api.git",
              "varEnv": "    MAIL_HOST=smtp.gmail.com\n    MAIL_PORT=587\n    MAIL_USER=klivus.corp@gmail.com\n    MAIL_PWD=!$!Kl1vu5\n    MAIL_SECURE=0\n    MAIL_FROM=Klivus\n\n    WHATSAPP_API=https://api.z-api.io/instances/3A85174A25C7B0CFFD9DCA51DBE1EE3C/token/0DFA493534BFE6DFB80DDFEB\n\n    BD_TYPE=postgres\n    BD_HOST=db-klivus.clcs0jkncxw4.us-east-1.rds.amazonaws.com\n    BD_PORT=5432\n    BD_USER_NAME=postgres\n    BD_PASSWORD=!#!kl1vus\n    BD_DATA_BASE=postgres\n"
            }
          },
          "sensitive_attributes": []
        }
      ]
    },
    {
      "mode": "data",
      "type": "template_file",
      "name": "initSite",
      "provider": "provider[\"registry.terraform.io/hashicorp/template\"]",
      "instances": [
        {
          "schema_version": 0,
          "attributes": {
            "filename": null,
            "id": "96a6964f4220bb701a151982f95b7514d3ee4811b8063b5528012bb850fe54dd",
            "rendered": "#!/bin/bash\nset -x #echo on\necho \"******** Terraform Api ******** \"\n\necho \"Update instance\"\ncd /home/ubuntu\n\napt-get -y update\n\nsudo apt-get -y install wget\n\necho \"Install ruby\"\nsudo mkdir tmp\necho \"    sudo apt-get -y install build-essential git-core curl libgdbm-dev libncurses5-dev libtool bison libffi-dev\n    # Install rbenv\n    git clone git://github.com/sstephenson/rbenv.git ~/.rbenv\n\n    echo $PATH\n\n    # Add rbenv paths and eval to .bashrc and .bash_profile (needed in login/non-login shells)\n    echo -e 'export PATH=\"./bin:$HOME/.rbenv/bin:$PATH\"\\neval \"$(rbenv init -)\"' | tee ~/.bash_profile ~/.bashrc\n    . ~/.bash_profile\n\n    echo $PATH\n\n    # Install rbenv plugns\n    git clone git://github.com/sstephenson/ruby-build.git ~/.rbenv/plugins/ruby-build\n    git clone git://github.com/sstephenson/rbenv-gem-rehash.git ~/.rbenv/plugins/rbenv-gem-rehash\n    git clone git://github.com/rkh/rbenv-update.git ~/.rbenv/plugins/rbenv-update\n    git clone git://github.com/dcarley/rbenv-sudo.git ~/.rbenv/plugins/rbenv-sudo\n\n    # Install and set default ruby version\n    cd ~/.rbenv\n    rbenv install --keep 2.1.6\n    rbenv global 2.1.6\n    ruby -v\n    echo ruby -v\n\n    sudo apt -y install rbenv\n\n    source ~/.bash_profile\n    rbenv versions\n    ruby -v\n    #ls /home/ubuntu/.rbenv/versions/\n    #ls /home/ubuntu/.rbenv/\n    #sudo apt-get update\n    #sudo apt-get -y install unzip\n    #sudo apt-get -y install libqt4-dev libsndfile1-dev\n    #wget http://s3.amazonaws.com/ec2-downloads/ec2-ami-tools.zip\n    #sudo mkdir -p /usr/local/ec2\n    #sudo unzip ec2-ami-tools.zip -d /usr/local/ec\n\n\" \u003e tmp/installruby.sh\n\nsudo bash tmp/installruby.sh\n\necho \"Install DOCKER\"\nsudo snap install docker\nsudo snap status docker #check the status\nsudo snap start docker # start the service\n\nsudo addgroup --system docker\nsudo adduser ubuntu docker\nsudo usermod -a -G docker ubuntu\ndocker -v\ndocker info\necho \"End Install DOCKER\"\n\necho \"Creating projects\"\ncd /home/ubuntu\n\n#NVM\necho \"Install nvm node\"\n#curl -o- https://raw.githubusercontent.com/creationix/nvm/v0.32.0/install.sh | bash\n#. /.nvm/nvm.sh\n#nvm install 16\n#nvm use 16\n#nvm alias default 16\n#nvm --version\n\ncurl -fsSL https://deb.nodesource.com/setup_16.x | sudo -E bash -\nsudo apt-get install -y nodejs\nnode --version\n\n# AGENT\nwget https://aws-codedeploy-us-east-1.s3.amazonaws.com/latest/install\nsudo chmod +x ./install\nsudo ./install auto\nsudo service codedeploy-agent start\nsudo service codedeploy-agent status\n\ncd /home/ubuntu\n\nsudo rm -rf projects/\nsudo mkdir projects\nsudo chown -R ubuntu /home/ubuntu/projects/\nsudo chmod -R 777 /projects\n\necho \"    #SENTRY\n    NEXT_PUBLIC_SENTRY_DSN=https://d97aeb544f9a461e8e93f60d19b5ed79@o1002988.ingest.sentry.io/6233836\n\n    #NEXT_AUTH\n    NEXTAUTH_URL=https://klivus.tech\n    NEXTAUTH_SECRET=bQw2+JYL+2Sxc5fBFOobAwfewawMEqcACGMxs6SNs98=\n\n    #API\n    NEXT_PUBLIC_API_ENDPOINT=http://api.klivus.tech\n\" \u003e tmp/.env\n\n# sudo git clone https://github.com/danlisboa/test-server.git .\ncd /home/ubuntu/projects/\n\nsudo git clone https://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@github.com/klivus/klivus-front.git .\n\nsudo npm cache clean --force --unsafe-perm\n\nsudo cp /home/ubuntu/tmp/.env /home/ubuntu/projects/\n\nnpm install\n\necho \"Init bash start app\"\n\nchmod +x init.sh\nsudo bash init.sh \u003e log-deploy\n\necho \"End bash\"\n\n#sudo docker stats",
            "template": "#!/bin/bash\nset -x #echo on\necho \"******** Terraform Api ******** \"\n\necho \"Update instance\"\ncd /home/ubuntu\n\napt-get -y update\n\nsudo apt-get -y install wget\n\necho \"Install ruby\"\nsudo mkdir tmp\necho \"${installRuby}\" \u003e tmp/installruby.sh\n\nsudo bash tmp/installruby.sh\n\necho \"Install DOCKER\"\nsudo snap install docker\nsudo snap status docker #check the status\nsudo snap start docker # start the service\n\nsudo addgroup --system docker\nsudo adduser ubuntu docker\nsudo usermod -a -G docker ubuntu\ndocker -v\ndocker info\necho \"End Install DOCKER\"\n\necho \"Creating projects\"\ncd /home/ubuntu\n\n#NVM\necho \"Install nvm node\"\n#curl -o- https://raw.githubusercontent.com/creationix/nvm/v0.32.0/install.sh | bash\n#. /.nvm/nvm.sh\n#nvm install 16\n#nvm use 16\n#nvm alias default 16\n#nvm --version\n\ncurl -fsSL https://deb.nodesource.com/setup_16.x | sudo -E bash -\nsudo apt-get install -y nodejs\nnode --version\n\n# AGENT\nwget https://aws-codedeploy-us-east-1.s3.amazonaws.com/latest/install\nsudo chmod +x ./install\nsudo ./install auto\nsudo service codedeploy-agent start\nsudo service codedeploy-agent status\n\ncd /home/ubuntu\n\nsudo rm -rf projects/\nsudo mkdir projects\nsudo chown -R ubuntu /home/ubuntu/projects/\nsudo chmod -R 777 /projects\n\necho \"${varEnv}\" \u003e tmp/.env\n\n# sudo git clone https://github.com/danlisboa/test-server.git .\ncd /home/ubuntu/projects/\n\nsudo git clone ${repo} .\n\nsudo npm cache clean --force --unsafe-perm\n\nsudo cp /home/ubuntu/tmp/.env /home/ubuntu/projects/\n\nnpm install\n\necho \"Init bash start app\"\n\nchmod +x init.sh\nsudo bash init.sh \u003e log-deploy\n\necho \"End bash\"\n\n#sudo docker stats",
            "vars": {
              "installRuby": "    sudo apt-get -y install build-essential git-core curl libgdbm-dev libncurses5-dev libtool bison libffi-dev\n    # Install rbenv\n    git clone git://github.com/sstephenson/rbenv.git ~/.rbenv\n\n    echo $PATH\n\n    # Add rbenv paths and eval to .bashrc and .bash_profile (needed in login/non-login shells)\n    echo -e 'export PATH=\"./bin:$HOME/.rbenv/bin:$PATH\"\\neval \"$(rbenv init -)\"' | tee ~/.bash_profile ~/.bashrc\n    . ~/.bash_profile\n\n    echo $PATH\n\n    # Install rbenv plugns\n    git clone git://github.com/sstephenson/ruby-build.git ~/.rbenv/plugins/ruby-build\n    git clone git://github.com/sstephenson/rbenv-gem-rehash.git ~/.rbenv/plugins/rbenv-gem-rehash\n    git clone git://github.com/rkh/rbenv-update.git ~/.rbenv/plugins/rbenv-update\n    git clone git://github.com/dcarley/rbenv-sudo.git ~/.rbenv/plugins/rbenv-sudo\n\n    # Install and set default ruby version\n    cd ~/.rbenv\n    rbenv install --keep 2.1.6\n    rbenv global 2.1.6\n    ruby -v\n    echo ruby -v\n\n    sudo apt -y install rbenv\n\n    source ~/.bash_profile\n    rbenv versions\n    ruby -v\n    #ls /home/ubuntu/.rbenv/versions/\n    #ls /home/ubuntu/.rbenv/\n    #sudo apt-get update\n    #sudo apt-get -y install unzip\n    #sudo apt-get -y install libqt4-dev libsndfile1-dev\n    #wget http://s3.amazonaws.com/ec2-downloads/ec2-ami-tools.zip\n    #sudo mkdir -p /usr/local/ec2\n    #sudo unzip ec2-ami-tools.zip -d /usr/local/ec\n\n",
              "repo": "https://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@github.com/klivus/klivus-front.git",
              "varEnv": "    #SENTRY\n    NEXT_PUBLIC_SENTRY_DSN=https://d97aeb544f9a461e8e93f60d19b5ed79@o1002988.ingest.sentry.io/6233836\n\n    #NEXT_AUTH\n    NEXTAUTH_URL=https://klivus.tech\n    NEXTAUTH_SECRET=bQw2+JYL+2Sxc5fBFOobAwfewawMEqcACGMxs6SNs98=\n\n    #API\n    NEXT_PUBLIC_API_ENDPOINT=http://api.klivus.tech\n"
            }
          },
          "sensitive_attributes": []
        }
      ]
    },
    {
      "mode": "data",
      "type": "template_file",
      "name": "initSoluti",
      "provider": "provider[\"registry.terraform.io/hashicorp/template\"]",
      "instances": [
        {
          "schema_version": 0,
          "attributes": {
            "filename": null,
            "id": "54a2d86d9fce85bc563df3c72381f767931d5e76a8b14284bebf8b368324aa54",
            "rendered": "#!/bin/bash\nset -x #echo on\necho \"******** Terraform Soluti ******** \"\n\necho \"Update instance\"\ncd /home/ubuntu\n\napt-get -y update\nsudo apt-get -y install wget\n\necho \"Install DOCKER\"\nsudo snap install docker\nsudo snap status docker #check the status\nsudo snap start docker # start the service\n\nsudo addgroup --system docker\nsudo adduser ubuntu docker\nsudo usermod -a -G docker ubuntu\ndocker -v\ndocker info\n\necho \"Creating projects\"\ncd /home/ubuntu\n\nsudo rm -rf /home/ubuntu/projects/\nsudo mkdir projects\nsudo chown -R ubuntu /home/ubuntu/projects/\nsudo chmod -R 777 /home/ubuntu/projects\n\nsudo mkdir tmp\n\necho \"    USER_SOLUTI=klivus\n    PASS_SOLUTI=gaphjanOc6\n\" \u003e tmp/.env\n\ncd /home/ubuntu/projects/\n\nsudo echo \"# Arquivo para deploy do CESS em produção.\n# VaultID - Soluções em criptografia e identidade.\n# 02/01/2019\nversion: \\\"3\\\"\nservices:\n  cess:\n    image: harbor.lab.vaultid.com.br/cess/cess:latest\n    depends_on:\n      - redis\n    restart: always\n    user: \\\"33\\\"\n    environment:\n      - \\\"clientIdMd=34301485000175\\\"\n      - \\\"clientSecretMd=gaphjanOc6\\\"\n      # Se necessário, edite apenas as variávies abaixo: #\n      - 'urlsMultiCloud={\\\"https:\\/\\/apihom.birdid.com.br\\\":{\\\"id\\\":\\\"SOLUTI\\\",\\\"client_id\\\":\\\"34301485000175\\\",\\\"client_secret\\\":\\\"gaphjanOc6\\\"},\\\"https:\\/\\/apicloudid.hom.vaultid.com.br\\\":{\\\"id\\\":\\\"VAULTID\\\",\\\"client_id\\\":\\\"34301485000175\\\",\\\"client_secret\\\":\\\"gaphjanOc6\\\"}}'\n      - \\\"signatureAdapter=MultiCloudAdapter\\\"\n      - \\\"cessUrl=http://localhost:8080\\\"\n      - \\\"APACHE_SSL=false\\\"\n      - \\\"tokenValidityMAX=6\\\"\n      - \\\"ttlCacheGeneric=21600\\\"\n      - \\\"ttlCacheTrust=21600\\\"\n      - \\\"lifetime=86400\\\"\n      - \\\"sleep=100\\\"\n      - \\\"limit=100\\\"\n      - \\\"MEMORY_LIMIT=4096M\\\"\n      - \\\"America/Sao_Paulo\\\"\n      - \\\"timezone=America/Sao_Paulo\\\"\n      - \\\"level=INFO\\\"\n      - \\\"redisHost=redis\\\"\n      - \\\"redisPort=6379\\\"\n\n    ports:\n      # Definir a PORTA_EXTERNA TCP pela qual o container será exposto na rede.\n      - 3002:8080\n    volumes:\n      - ./hom-truststore:/var/www/data/trust\n    #      - path_crt:/etc/apache2/cert/cert.pem\n    #      - path_key:/etc/apache2/cert/cert.key\n    #      - ./license:/var/www/data/license\n    networks:\n      - nw-cess\n  redis:\n    image: \\\"healthcheck/redis:alpine\\\"\n    restart: always\n    networks:\n      - nw-cess\nnetworks:\n  nw-cess:\n    driver: bridge\n    ipam:\n      driver: default\n\n\" \u003e cess-compose.yaml\n\nsudo cp /home/ubuntu/tmp/.env /home/ubuntu/projects/\n\nsudo git clone https://github.com/VaultID/docker-cess.git .\n\nset -a # automatically export all variables\nsource .env\nset +a\n\n#sudo docker login harbor.lab.vaultid.com.br -u=\"$USER_SOLUTI\" -p=\"$PASS_SOLUTI\" \u003e log-docker-login.txt\n\necho \"$PASS_SOLUTI\" \u003e /home/ubuntu/tmp/pass.txt\n\nsudo cat /home/ubuntu/tmp/pass.txt | sudo docker login --username $USER_SOLUTI --password-stdin harbor.lab.vaultid.com.br\n\nsudo docker-compose -f cess-compose.yaml up\n\nsudo docker ps",
            "template": "#!/bin/bash\nset -x #echo on\necho \"******** Terraform Soluti ******** \"\n\necho \"Update instance\"\ncd /home/ubuntu\n\napt-get -y update\nsudo apt-get -y install wget\n\necho \"Install DOCKER\"\nsudo snap install docker\nsudo snap status docker #check the status\nsudo snap start docker # start the service\n\nsudo addgroup --system docker\nsudo adduser ubuntu docker\nsudo usermod -a -G docker ubuntu\ndocker -v\ndocker info\n\necho \"Creating projects\"\ncd /home/ubuntu\n\nsudo rm -rf /home/ubuntu/projects/\nsudo mkdir projects\nsudo chown -R ubuntu /home/ubuntu/projects/\nsudo chmod -R 777 /home/ubuntu/projects\n\nsudo mkdir tmp\n\necho \"${varEnv}\" \u003e tmp/.env\n\ncd /home/ubuntu/projects/\n\nsudo echo \"${manifest}\" \u003e cess-compose.yaml\n\nsudo cp /home/ubuntu/tmp/.env /home/ubuntu/projects/\n\nsudo git clone ${repo} .\n\nset -a # automatically export all variables\nsource .env\nset +a\n\n#sudo docker login harbor.lab.vaultid.com.br -u=\"$USER_SOLUTI\" -p=\"$PASS_SOLUTI\" \u003e log-docker-login.txt\n\necho \"$PASS_SOLUTI\" \u003e /home/ubuntu/tmp/pass.txt\n\nsudo cat /home/ubuntu/tmp/pass.txt | sudo docker login --username $USER_SOLUTI --password-stdin harbor.lab.vaultid.com.br\n\nsudo docker-compose -f cess-compose.yaml up\n\nsudo docker ps",
            "vars": {
              "manifest": "# Arquivo para deploy do CESS em produção.\n# VaultID - Soluções em criptografia e identidade.\n# 02/01/2019\nversion: \\\"3\\\"\nservices:\n  cess:\n    image: harbor.lab.vaultid.com.br/cess/cess:latest\n    depends_on:\n      - redis\n    restart: always\n    user: \\\"33\\\"\n    environment:\n      - \\\"clientIdMd=34301485000175\\\"\n      - \\\"clientSecretMd=gaphjanOc6\\\"\n      # Se necessário, edite apenas as variávies abaixo: #\n      - 'urlsMultiCloud={\\\"https:\\/\\/apihom.birdid.com.br\\\":{\\\"id\\\":\\\"SOLUTI\\\",\\\"client_id\\\":\\\"34301485000175\\\",\\\"client_secret\\\":\\\"gaphjanOc6\\\"},\\\"https:\\/\\/apicloudid.hom.vaultid.com.br\\\":{\\\"id\\\":\\\"VAULTID\\\",\\\"client_id\\\":\\\"34301485000175\\\",\\\"client_secret\\\":\\\"gaphjanOc6\\\"}}'\n      - \\\"signatureAdapter=MultiCloudAdapter\\\"\n      - \\\"cessUrl=http://localhost:8080\\\"\n      - \\\"APACHE_SSL=false\\\"\n      - \\\"tokenValidityMAX=6\\\"\n      - \\\"ttlCacheGeneric=21600\\\"\n      - \\\"ttlCacheTrust=21600\\\"\n      - \\\"lifetime=86400\\\"\n      - \\\"sleep=100\\\"\n      - \\\"limit=100\\\"\n      - \\\"MEMORY_LIMIT=4096M\\\"\n      - \\\"America/Sao_Paulo\\\"\n      - \\\"timezone=America/Sao_Paulo\\\"\n      - \\\"level=INFO\\\"\n      - \\\"redisHost=redis\\\"\n      - \\\"redisPort=6379\\\"\n\n    ports:\n      # Definir a PORTA_EXTERNA TCP pela qual o container será exposto na rede.\n      - 3002:8080\n    volumes:\n      - ./hom-truststore:/var/www/data/trust\n    #      - path_crt:/etc/apache2/cert/cert.pem\n    #      - path_key:/etc/apache2/cert/cert.key\n    #      - ./license:/var/www/data/license\n    networks:\n      - nw-cess\n  redis:\n    image: \\\"healthcheck/redis:alpine\\\"\n    restart: always\n    networks:\n      - nw-cess\nnetworks:\n  nw-cess:\n    driver: bridge\n    ipam:\n      driver: default\n\n",
              "repo": "https://github.com/VaultID/docker-cess.git",
              "varEnv": "    USER_SOLUTI=klivus\n    PASS_SOLUTI=gaphjanOc6\n"
            }
          },
          "sensitive_attributes": []
        }
      ]
    },
    {
      "mode": "managed",
      "type": "aws_autoscaling_group",
      "name": "ApiScalingGroup",
      "provider": "provider[\"registry.terraform.io/hashicorp/aws\"]",
      "instances": [
        {
          "schema_version": 0,
          "attributes": {
            "arn": "arn:aws:autoscaling:us-east-1:104689598512:autoScalingGroup:85d544d8-e132-441a-a4b1-bdedb24d52b9:autoScalingGroupName/api-api-launch-Klivus20220504011002232600000002-scaling-group",
            "availability_zones": [
              "us-east-1a",
              "us-east-1b",
              "us-east-1c",
              "us-east-1d"
            ],
            "capacity_rebalance": false,
            "default_cooldown": 300,
            "desired_capacity": 0,
            "enabled_metrics": [
              "GroupDesiredCapacity",
              "GroupInServiceInstances",
              "GroupMaxSize",
              "GroupMinSize",
              "GroupTotalInstances"
            ],
            "force_delete": false,
            "force_delete_warm_pool": false,
            "health_check_grace_period": 300,
            "health_check_type": "ELB",
            "id": "api-api-launch-Klivus20220504011002232600000002-scaling-group",
            "initial_lifecycle_hook": [],
            "instance_refresh": [],
            "launch_configuration": "api-launch-Klivus20220504011002232600000002",
            "launch_template": [],
            "load_balancers": null,
            "max_instance_lifetime": 0,
            "max_size": 4,
            "metrics_granularity": "1Minute",
            "min_elb_capacity": null,
            "min_size": 0,
            "mixed_instances_policy": [],
            "name": "api-api-launch-Klivus20220504011002232600000002-scaling-group",
            "name_prefix": "",
            "placement_group": "",
            "protect_from_scale_in": false,
            "service_linked_role_arn": "arn:aws:iam::104689598512:role/aws-service-role/autoscaling.amazonaws.com/AWSServiceRoleForAutoScaling",
            "suspended_processes": null,
            "tag": [
              {
                "key": "Name",
                "propagate_at_launch": true,
                "value": "scaled-instance-api"
              }
            ],
            "tags": null,
            "target_group_arns": [
              "arn:aws:elasticloadbalancing:us-east-1:104689598512:targetgroup/api-lb-target-group-3000/5a55e2647860002d"
            ],
            "termination_policies": null,
            "timeouts": null,
            "vpc_zone_identifier": [
              "subnet-00375fb7819aecc3f",
              "subnet-075c9ebe76ee485e7",
              "subnet-0b75f63ae13c0d5d4",
              "subnet-0fb114f75c797da55"
            ],
            "wait_for_capacity_timeout": "10m",
            "wait_for_elb_capacity": null,
            "warm_pool": []
          },
          "sensitive_attributes": [],
          "private": "eyJlMmJmYjczMC1lY2FhLTExZTYtOGY4OC0zNDM2M2JjN2M0YzAiOnsiZGVsZXRlIjo2MDAwMDAwMDAwMDB9fQ==",
          "dependencies": [
            "aws_iam_instance_profile.readS3role",
            "aws_launch_configuration.ApiLaunch",
            "aws_lb_target_group.ApiLBTargetGroup",
            "aws_security_group.AppSecurityGroup",
            "aws_subnet.AppPublicSubnet",
            "aws_vpc.AppVPC",
            "data.template_file.init"
          ],
          "create_before_destroy": true
        }
      ]
    },
    {
      "mode": "managed",
      "type": "aws_autoscaling_group",
      "name": "SiteScalingGroup",
      "provider": "provider[\"registry.terraform.io/hashicorp/aws\"]",
      "instances": [
        {
          "schema_version": 0,
          "attributes": {
            "arn": "arn:aws:autoscaling:us-east-1:104689598512:autoScalingGroup:90da230f-8877-4b7e-8f99-7d50dc52d1f9:autoScalingGroupName/site-site-launch-Klivus20220504011002230600000001-scaling-group",
            "availability_zones": [
              "us-east-1a",
              "us-east-1b",
              "us-east-1c",
              "us-east-1d"
            ],
            "capacity_rebalance": false,
            "default_cooldown": 300,
            "desired_capacity": 0,
            "enabled_metrics": [
              "GroupDesiredCapacity",
              "GroupInServiceInstances",
              "GroupMaxSize",
              "GroupMinSize",
              "GroupTotalInstances"
            ],
            "force_delete": false,
            "force_delete_warm_pool": false,
            "health_check_grace_period": 300,
            "health_check_type": "ELB",
            "id": "site-site-launch-Klivus20220504011002230600000001-scaling-group",
            "initial_lifecycle_hook": [],
            "instance_refresh": [],
            "launch_configuration": "site-launch-Klivus20220504011002230600000001",
            "launch_template": [],
            "load_balancers": null,
            "max_instance_lifetime": 0,
            "max_size": 4,
            "metrics_granularity": "1Minute",
            "min_elb_capacity": null,
            "min_size": 0,
            "mixed_instances_policy": [],
            "name": "site-site-launch-Klivus20220504011002230600000001-scaling-group",
            "name_prefix": "",
            "placement_group": "",
            "protect_from_scale_in": false,
            "service_linked_role_arn": "arn:aws:iam::104689598512:role/aws-service-role/autoscaling.amazonaws.com/AWSServiceRoleForAutoScaling",
            "suspended_processes": null,
            "tag": [
              {
                "key": "Name",
                "propagate_at_launch": true,
                "value": "scaled-instance-site"
              }
            ],
            "tags": null,
            "target_group_arns": [
              "arn:aws:elasticloadbalancing:us-east-1:104689598512:targetgroup/site-lb-target-group-3001/8e71312d0e505b0f"
            ],
            "termination_policies": null,
            "timeouts": null,
            "vpc_zone_identifier": [
              "subnet-00375fb7819aecc3f",
              "subnet-075c9ebe76ee485e7",
              "subnet-0b75f63ae13c0d5d4",
              "subnet-0fb114f75c797da55"
            ],
            "wait_for_capacity_timeout": "10m",
            "wait_for_elb_capacity": null,
            "warm_pool": []
          },
          "sensitive_attributes": [],
          "private": "eyJlMmJmYjczMC1lY2FhLTExZTYtOGY4OC0zNDM2M2JjN2M0YzAiOnsiZGVsZXRlIjo2MDAwMDAwMDAwMDB9fQ==",
          "dependencies": [
            "aws_iam_instance_profile.readS3role",
            "aws_launch_configuration.SiteLaunch",
            "aws_lb_target_group.SiteLBTargetGroup",
            "aws_security_group.AppSecurityGroup",
            "aws_subnet.AppPublicSubnet",
            "aws_vpc.AppVPC",
            "data.template_file.initSite"
          ],
          "create_before_destroy": true
        }
      ]
    },
    {
      "mode": "managed",
      "type": "aws_autoscaling_group",
      "name": "SolutiScalingGroup",
      "provider": "provider[\"registry.terraform.io/hashicorp/aws\"]",
      "instances": [
        {
          "schema_version": 0,
          "attributes": {
            "arn": "arn:aws:autoscaling:us-east-1:104689598512:autoScalingGroup:d4cd7cb3-512a-4313-9c17-f6f1edbee3aa:autoScalingGroupName/soluti-soluti-launch-Klivus20220504011002232900000003-scaling-group",
            "availability_zones": [
              "us-east-1a",
              "us-east-1b",
              "us-east-1c",
              "us-east-1d"
            ],
            "capacity_rebalance": false,
            "default_cooldown": 300,
            "desired_capacity": 1,
            "enabled_metrics": [
              "GroupDesiredCapacity",
              "GroupInServiceInstances",
              "GroupMaxSize",
              "GroupMinSize",
              "GroupTotalInstances"
            ],
            "force_delete": false,
            "force_delete_warm_pool": false,
            "health_check_grace_period": 300,
            "health_check_type": "ELB",
            "id": "soluti-soluti-launch-Klivus20220504011002232900000003-scaling-group",
            "initial_lifecycle_hook": [],
            "instance_refresh": [],
            "launch_configuration": "soluti-launch-Klivus20220504011002232900000003",
            "launch_template": [],
            "load_balancers": null,
            "max_instance_lifetime": 0,
            "max_size": 4,
            "metrics_granularity": "1Minute",
            "min_elb_capacity": null,
            "min_size": 1,
            "mixed_instances_policy": [],
            "name": "soluti-soluti-launch-Klivus20220504011002232900000003-scaling-group",
            "name_prefix": "",
            "placement_group": "",
            "protect_from_scale_in": false,
            "service_linked_role_arn": "arn:aws:iam::104689598512:role/aws-service-role/autoscaling.amazonaws.com/AWSServiceRoleForAutoScaling",
            "suspended_processes": null,
            "tag": [
              {
                "key": "Name",
                "propagate_at_launch": true,
                "value": "scaled-instance-soluti"
              }
            ],
            "tags": null,
            "target_group_arns": [
              "arn:aws:elasticloadbalancing:us-east-1:104689598512:targetgroup/soluti-lb-target-group-3002/69c9a4f028f2328f"
            ],
            "termination_policies": null,
            "timeouts": null,
            "vpc_zone_identifier": [
              "subnet-00375fb7819aecc3f",
              "subnet-075c9ebe76ee485e7",
              "subnet-0b75f63ae13c0d5d4",
              "subnet-0fb114f75c797da55"
            ],
            "wait_for_capacity_timeout": "10m",
            "wait_for_elb_capacity": null,
            "warm_pool": []
          },
          "sensitive_attributes": [],
          "private": "eyJlMmJmYjczMC1lY2FhLTExZTYtOGY4OC0zNDM2M2JjN2M0YzAiOnsiZGVsZXRlIjo2MDAwMDAwMDAwMDB9fQ==",
          "dependencies": [
            "aws_iam_instance_profile.readS3role",
            "aws_launch_configuration.SolutiLaunch",
            "aws_lb_target_group.SolutiLBTargetGroup",
            "aws_security_group.AppSecurityGroup",
            "aws_subnet.AppPublicSubnet",
            "aws_vpc.AppVPC",
            "data.template_file.initSoluti"
          ],
          "create_before_destroy": true
        }
      ]
    },
    {
      "mode": "managed",
      "type": "aws_autoscaling_policy",
      "name": "api_policy_down",
      "provider": "provider[\"registry.terraform.io/hashicorp/aws\"]",
      "instances": [
        {
          "schema_version": 0,
          "attributes": {
            "adjustment_type": "ChangeInCapacity",
            "arn": "arn:aws:autoscaling:us-east-1:104689598512:scalingPolicy:ea639a8e-5a93-4dc3-9eb1-5c102ed956f0:autoScalingGroupName/api-api-launch-Klivus20220504011002232600000002-scaling-group:policyName/api-policy-down",
            "autoscaling_group_name": "api-api-launch-Klivus20220504011002232600000002-scaling-group",
            "cooldown": 800,
            "estimated_instance_warmup": 0,
            "id": "api-policy-down",
            "metric_aggregation_type": "",
            "min_adjustment_magnitude": null,
            "name": "api-policy-down",
            "policy_type": "SimpleScaling",
            "predictive_scaling_configuration": [],
            "scaling_adjustment": -1,
            "step_adjustment": [],
            "target_tracking_configuration": []
          },
          "sensitive_attributes": [],
          "private": "bnVsbA==",
          "dependencies": [
            "aws_autoscaling_group.ApiScalingGroup",
            "aws_iam_instance_profile.readS3role",
            "aws_launch_configuration.ApiLaunch",
            "aws_lb_target_group.ApiLBTargetGroup",
            "aws_security_group.AppSecurityGroup",
            "aws_subnet.AppPublicSubnet",
            "aws_vpc.AppVPC",
            "data.template_file.init"
          ]
        }
      ]
    },
    {
      "mode": "managed",
      "type": "aws_autoscaling_policy",
      "name": "api_policy_up",
      "provider": "provider[\"registry.terraform.io/hashicorp/aws\"]",
      "instances": [
        {
          "schema_version": 0,
          "attributes": {
            "adjustment_type": "ChangeInCapacity",
            "arn": "arn:aws:autoscaling:us-east-1:104689598512:scalingPolicy:02125541-7ef5-49f2-b833-3686e2d793c6:autoScalingGroupName/api-api-launch-Klivus20220504011002232600000002-scaling-group:policyName/api-policy-up",
            "autoscaling_group_name": "api-api-launch-Klivus20220504011002232600000002-scaling-group",
            "cooldown": 800,
            "estimated_instance_warmup": 0,
            "id": "api-policy-up",
            "metric_aggregation_type": "",
            "min_adjustment_magnitude": null,
            "name": "api-policy-up",
            "policy_type": "SimpleScaling",
            "predictive_scaling_configuration": [],
            "scaling_adjustment": 1,
            "step_adjustment": [],
            "target_tracking_configuration": []
          },
          "sensitive_attributes": [],
          "private": "bnVsbA==",
          "dependencies": [
            "aws_autoscaling_group.ApiScalingGroup",
            "aws_iam_instance_profile.readS3role",
            "aws_launch_configuration.ApiLaunch",
            "aws_lb_target_group.ApiLBTargetGroup",
            "aws_security_group.AppSecurityGroup",
            "aws_subnet.AppPublicSubnet",
            "aws_vpc.AppVPC",
            "data.template_file.init"
          ]
        }
      ]
    },
    {
      "mode": "managed",
      "type": "aws_autoscaling_policy",
      "name": "site_policy_down",
      "provider": "provider[\"registry.terraform.io/hashicorp/aws\"]",
      "instances": [
        {
          "schema_version": 0,
          "attributes": {
            "adjustment_type": "ChangeInCapacity",
            "arn": "arn:aws:autoscaling:us-east-1:104689598512:scalingPolicy:44f2cdf2-46a0-420f-bb19-a2a9521c7159:autoScalingGroupName/api-api-launch-Klivus20220504011002232600000002-scaling-group:policyName/site-policy-down",
            "autoscaling_group_name": "api-api-launch-Klivus20220504011002232600000002-scaling-group",
            "cooldown": 800,
            "estimated_instance_warmup": 0,
            "id": "site-policy-down",
            "metric_aggregation_type": "",
            "min_adjustment_magnitude": null,
            "name": "site-policy-down",
            "policy_type": "SimpleScaling",
            "predictive_scaling_configuration": [],
            "scaling_adjustment": -1,
            "step_adjustment": [],
            "target_tracking_configuration": []
          },
          "sensitive_attributes": [],
          "private": "bnVsbA==",
          "dependencies": [
            "aws_autoscaling_group.ApiScalingGroup",
            "aws_iam_instance_profile.readS3role",
            "aws_launch_configuration.ApiLaunch",
            "aws_lb_target_group.ApiLBTargetGroup",
            "aws_security_group.AppSecurityGroup",
            "aws_subnet.AppPublicSubnet",
            "aws_vpc.AppVPC",
            "data.template_file.init"
          ]
        }
      ]
    },
    {
      "mode": "managed",
      "type": "aws_autoscaling_policy",
      "name": "site_policy_up",
      "provider": "provider[\"registry.terraform.io/hashicorp/aws\"]",
      "instances": [
        {
          "schema_version": 0,
          "attributes": {
            "adjustment_type": "ChangeInCapacity",
            "arn": "arn:aws:autoscaling:us-east-1:104689598512:scalingPolicy:f99c9e82-f7c4-4b76-b017-14ea9c6ba535:autoScalingGroupName/site-site-launch-Klivus20220504011002230600000001-scaling-group:policyName/site-policy-up",
            "autoscaling_group_name": "site-site-launch-Klivus20220504011002230600000001-scaling-group",
            "cooldown": 800,
            "estimated_instance_warmup": 0,
            "id": "site-policy-up",
            "metric_aggregation_type": "",
            "min_adjustment_magnitude": null,
            "name": "site-policy-up",
            "policy_type": "SimpleScaling",
            "predictive_scaling_configuration": [],
            "scaling_adjustment": 1,
            "step_adjustment": [],
            "target_tracking_configuration": []
          },
          "sensitive_attributes": [],
          "private": "bnVsbA==",
          "dependencies": [
            "aws_autoscaling_group.SiteScalingGroup",
            "aws_iam_instance_profile.readS3role",
            "aws_launch_configuration.SiteLaunch",
            "aws_lb_target_group.SiteLBTargetGroup",
            "aws_security_group.AppSecurityGroup",
            "aws_subnet.AppPublicSubnet",
            "aws_vpc.AppVPC",
            "data.template_file.initSite"
          ]
        }
      ]
    },
    {
      "mode": "managed",
      "type": "aws_autoscaling_policy",
      "name": "soluti_policy_down",
      "provider": "provider[\"registry.terraform.io/hashicorp/aws\"]",
      "instances": [
        {
          "schema_version": 0,
          "attributes": {
            "adjustment_type": "ChangeInCapacity",
            "arn": "arn:aws:autoscaling:us-east-1:104689598512:scalingPolicy:15cc6923-3e76-485c-a3a4-b0430c260487:autoScalingGroupName/api-api-launch-Klivus20220504011002232600000002-scaling-group:policyName/soluti-policy-down",
            "autoscaling_group_name": "api-api-launch-Klivus20220504011002232600000002-scaling-group",
            "cooldown": 1000,
            "estimated_instance_warmup": 0,
            "id": "soluti-policy-down",
            "metric_aggregation_type": "",
            "min_adjustment_magnitude": null,
            "name": "soluti-policy-down",
            "policy_type": "SimpleScaling",
            "predictive_scaling_configuration": [],
            "scaling_adjustment": -1,
            "step_adjustment": [],
            "target_tracking_configuration": []
          },
          "sensitive_attributes": [],
          "private": "bnVsbA==",
          "dependencies": [
            "aws_autoscaling_group.ApiScalingGroup",
            "aws_iam_instance_profile.readS3role",
            "aws_launch_configuration.ApiLaunch",
            "aws_lb_target_group.ApiLBTargetGroup",
            "aws_security_group.AppSecurityGroup",
            "aws_subnet.AppPublicSubnet",
            "aws_vpc.AppVPC",
            "data.template_file.init"
          ]
        }
      ]
    },
    {
      "mode": "managed",
      "type": "aws_autoscaling_policy",
      "name": "soluti_policy_up",
      "provider": "provider[\"registry.terraform.io/hashicorp/aws\"]",
      "instances": [
        {
          "schema_version": 0,
          "attributes": {
            "adjustment_type": "ChangeInCapacity",
            "arn": "arn:aws:autoscaling:us-east-1:104689598512:scalingPolicy:c4e825fd-6d6f-4580-a174-48f449047337:autoScalingGroupName/soluti-soluti-launch-Klivus20220504011002232900000003-scaling-group:policyName/soluti-policy-up",
            "autoscaling_group_name": "soluti-soluti-launch-Klivus20220504011002232900000003-scaling-group",
            "cooldown": 1000,
            "estimated_instance_warmup": 0,
            "id": "soluti-policy-up",
            "metric_aggregation_type": "",
            "min_adjustment_magnitude": null,
            "name": "soluti-policy-up",
            "policy_type": "SimpleScaling",
            "predictive_scaling_configuration": [],
            "scaling_adjustment": 1,
            "step_adjustment": [],
            "target_tracking_configuration": []
          },
          "sensitive_attributes": [],
          "private": "bnVsbA==",
          "dependencies": [
            "aws_autoscaling_group.SolutiScalingGroup",
            "aws_iam_instance_profile.readS3role",
            "aws_launch_configuration.SolutiLaunch",
            "aws_lb_target_group.SolutiLBTargetGroup",
            "aws_security_group.AppSecurityGroup",
            "aws_subnet.AppPublicSubnet",
            "aws_vpc.AppVPC",
            "data.template_file.initSoluti"
          ]
        }
      ]
    },
    {
      "mode": "managed",
      "type": "aws_cloudwatch_metric_alarm",
      "name": "api_cpu_alarm_down",
      "provider": "provider[\"registry.terraform.io/hashicorp/aws\"]",
      "instances": [
        {
          "schema_version": 1,
          "attributes": {
            "actions_enabled": true,
            "alarm_actions": [
              "arn:aws:autoscaling:us-east-1:104689598512:scalingPolicy:ea639a8e-5a93-4dc3-9eb1-5c102ed956f0:autoScalingGroupName/api-api-launch-Klivus20220504011002232600000002-scaling-group:policyName/api-policy-down"
            ],
            "alarm_description": "This metric monitor EC2 instance CPU utilization",
            "alarm_name": "api-cpu-alarm-down",
            "arn": "arn:aws:cloudwatch:us-east-1:104689598512:alarm:api-cpu-alarm-down",
            "comparison_operator": "LessThanOrEqualToThreshold",
            "datapoints_to_alarm": 0,
            "dimensions": {
              "AutoApiScalingGroupName": "api-api-launch-Klivus20220504011002232600000002-scaling-group"
            },
            "evaluate_low_sample_count_percentiles": "",
            "evaluation_periods": 2,
            "extended_statistic": "",
            "id": "api-cpu-alarm-down",
            "insufficient_data_actions": null,
            "metric_name": "CPUUtilization",
            "metric_query": [],
            "namespace": "AWS/EC2",
            "ok_actions": null,
            "period": 600,
            "statistic": "Average",
            "tags": null,
            "tags_all": {},
            "threshold": 10,
            "threshold_metric_id": "",
            "treat_missing_data": "missing",
            "unit": ""
          },
          "sensitive_attributes": [],
          "private": "eyJzY2hlbWFfdmVyc2lvbiI6IjEifQ==",
          "dependencies": [
            "aws_autoscaling_group.ApiScalingGroup",
            "aws_autoscaling_policy.api_policy_down",
            "aws_iam_instance_profile.readS3role",
            "aws_launch_configuration.ApiLaunch",
            "aws_lb_target_group.ApiLBTargetGroup",
            "aws_security_group.AppSecurityGroup",
            "aws_subnet.AppPublicSubnet",
            "aws_vpc.AppVPC",
            "data.template_file.init"
          ]
        }
      ]
    },
    {
      "mode": "managed",
      "type": "aws_cloudwatch_metric_alarm",
      "name": "api_cpu_alarm_up",
      "provider": "provider[\"registry.terraform.io/hashicorp/aws\"]",
      "instances": [
        {
          "schema_version": 1,
          "attributes": {
            "actions_enabled": true,
            "alarm_actions": [
              "arn:aws:autoscaling:us-east-1:104689598512:scalingPolicy:02125541-7ef5-49f2-b833-3686e2d793c6:autoScalingGroupName/api-api-launch-Klivus20220504011002232600000002-scaling-group:policyName/api-policy-up"
            ],
            "alarm_description": "This metric monitor EC2 instance CPU utilization",
            "alarm_name": "api-cpu-alarm-up",
            "arn": "arn:aws:cloudwatch:us-east-1:104689598512:alarm:api-cpu-alarm-up",
            "comparison_operator": "GreaterThanOrEqualToThreshold",
            "datapoints_to_alarm": 0,
            "dimensions": {
              "AutoApiScalingGroupName": "api-api-launch-Klivus20220504011002232600000002-scaling-group"
            },
            "evaluate_low_sample_count_percentiles": "",
            "evaluation_periods": 2,
            "extended_statistic": "",
            "id": "api-cpu-alarm-up",
            "insufficient_data_actions": null,
            "metric_name": "CPUUtilization",
            "metric_query": [],
            "namespace": "AWS/EC2",
            "ok_actions": null,
            "period": 600,
            "statistic": "Average",
            "tags": null,
            "tags_all": {},
            "threshold": 60,
            "threshold_metric_id": "",
            "treat_missing_data": "missing",
            "unit": ""
          },
          "sensitive_attributes": [],
          "private": "eyJzY2hlbWFfdmVyc2lvbiI6IjEifQ==",
          "dependencies": [
            "aws_autoscaling_group.ApiScalingGroup",
            "aws_autoscaling_policy.api_policy_up",
            "aws_iam_instance_profile.readS3role",
            "aws_launch_configuration.ApiLaunch",
            "aws_lb_target_group.ApiLBTargetGroup",
            "aws_security_group.AppSecurityGroup",
            "aws_subnet.AppPublicSubnet",
            "aws_vpc.AppVPC",
            "data.template_file.init"
          ]
        }
      ]
    },
    {
      "mode": "managed",
      "type": "aws_cloudwatch_metric_alarm",
      "name": "site_cpu_alarm_down",
      "provider": "provider[\"registry.terraform.io/hashicorp/aws\"]",
      "instances": [
        {
          "schema_version": 1,
          "attributes": {
            "actions_enabled": true,
            "alarm_actions": [
              "arn:aws:autoscaling:us-east-1:104689598512:scalingPolicy:44f2cdf2-46a0-420f-bb19-a2a9521c7159:autoScalingGroupName/api-api-launch-Klivus20220504011002232600000002-scaling-group:policyName/site-policy-down"
            ],
            "alarm_description": "This metric monitor EC2 instance CPU utilization",
            "alarm_name": "site-cpu-alarm-down",
            "arn": "arn:aws:cloudwatch:us-east-1:104689598512:alarm:site-cpu-alarm-down",
            "comparison_operator": "LessThanOrEqualToThreshold",
            "datapoints_to_alarm": 0,
            "dimensions": {
              "AutoApiScalingGroupName": "api-api-launch-Klivus20220504011002232600000002-scaling-group"
            },
            "evaluate_low_sample_count_percentiles": "",
            "evaluation_periods": 2,
            "extended_statistic": "",
            "id": "site-cpu-alarm-down",
            "insufficient_data_actions": null,
            "metric_name": "CPUUtilization",
            "metric_query": [],
            "namespace": "AWS/EC2",
            "ok_actions": null,
            "period": 600,
            "statistic": "Average",
            "tags": null,
            "tags_all": {},
            "threshold": 10,
            "threshold_metric_id": "",
            "treat_missing_data": "missing",
            "unit": ""
          },
          "sensitive_attributes": [],
          "private": "eyJzY2hlbWFfdmVyc2lvbiI6IjEifQ==",
          "dependencies": [
            "aws_autoscaling_group.ApiScalingGroup",
            "aws_autoscaling_policy.site_policy_down",
            "aws_iam_instance_profile.readS3role",
            "aws_launch_configuration.ApiLaunch",
            "aws_lb_target_group.ApiLBTargetGroup",
            "aws_security_group.AppSecurityGroup",
            "aws_subnet.AppPublicSubnet",
            "aws_vpc.AppVPC",
            "data.template_file.init"
          ]
        }
      ]
    },
    {
      "mode": "managed",
      "type": "aws_cloudwatch_metric_alarm",
      "name": "site_cpu_alarm_up",
      "provider": "provider[\"registry.terraform.io/hashicorp/aws\"]",
      "instances": [
        {
          "schema_version": 1,
          "attributes": {
            "actions_enabled": true,
            "alarm_actions": [
              "arn:aws:autoscaling:us-east-1:104689598512:scalingPolicy:f99c9e82-f7c4-4b76-b017-14ea9c6ba535:autoScalingGroupName/site-site-launch-Klivus20220504011002230600000001-scaling-group:policyName/site-policy-up"
            ],
            "alarm_description": "This metric monitor EC2 instance CPU utilization",
            "alarm_name": "site-cpu-alarm-up",
            "arn": "arn:aws:cloudwatch:us-east-1:104689598512:alarm:site-cpu-alarm-up",
            "comparison_operator": "GreaterThanOrEqualToThreshold",
            "datapoints_to_alarm": 0,
            "dimensions": {
              "AutoApiScalingGroupName": "site-site-launch-Klivus20220504011002230600000001-scaling-group"
            },
            "evaluate_low_sample_count_percentiles": "",
            "evaluation_periods": 2,
            "extended_statistic": "",
            "id": "site-cpu-alarm-up",
            "insufficient_data_actions": null,
            "metric_name": "CPUUtilization",
            "metric_query": [],
            "namespace": "AWS/EC2",
            "ok_actions": null,
            "period": 600,
            "statistic": "Average",
            "tags": null,
            "tags_all": {},
            "threshold": 60,
            "threshold_metric_id": "",
            "treat_missing_data": "missing",
            "unit": ""
          },
          "sensitive_attributes": [],
          "private": "eyJzY2hlbWFfdmVyc2lvbiI6IjEifQ==",
          "dependencies": [
            "aws_autoscaling_group.SiteScalingGroup",
            "aws_autoscaling_policy.site_policy_up",
            "aws_iam_instance_profile.readS3role",
            "aws_launch_configuration.SiteLaunch",
            "aws_lb_target_group.SiteLBTargetGroup",
            "aws_security_group.AppSecurityGroup",
            "aws_subnet.AppPublicSubnet",
            "aws_vpc.AppVPC",
            "data.template_file.initSite"
          ]
        }
      ]
    },
    {
      "mode": "managed",
      "type": "aws_cloudwatch_metric_alarm",
      "name": "soluti_cpu_alarm_down",
      "provider": "provider[\"registry.terraform.io/hashicorp/aws\"]",
      "instances": [
        {
          "schema_version": 1,
          "attributes": {
            "actions_enabled": true,
            "alarm_actions": [
              "arn:aws:autoscaling:us-east-1:104689598512:scalingPolicy:15cc6923-3e76-485c-a3a4-b0430c260487:autoScalingGroupName/api-api-launch-Klivus20220504011002232600000002-scaling-group:policyName/soluti-policy-down"
            ],
            "alarm_description": "This metric monitor EC2 instance CPU utilization",
            "alarm_name": "soluti-cpu-alarm-down",
            "arn": "arn:aws:cloudwatch:us-east-1:104689598512:alarm:soluti-cpu-alarm-down",
            "comparison_operator": "LessThanOrEqualToThreshold",
            "datapoints_to_alarm": 0,
            "dimensions": {
              "AutoApiScalingGroupName": "api-api-launch-Klivus20220504011002232600000002-scaling-group"
            },
            "evaluate_low_sample_count_percentiles": "",
            "evaluation_periods": 2,
            "extended_statistic": "",
            "id": "soluti-cpu-alarm-down",
            "insufficient_data_actions": null,
            "metric_name": "CPUUtilization",
            "metric_query": [],
            "namespace": "AWS/EC2",
            "ok_actions": null,
            "period": 600,
            "statistic": "Average",
            "tags": null,
            "tags_all": {},
            "threshold": 10,
            "threshold_metric_id": "",
            "treat_missing_data": "missing",
            "unit": ""
          },
          "sensitive_attributes": [],
          "private": "eyJzY2hlbWFfdmVyc2lvbiI6IjEifQ==",
          "dependencies": [
            "aws_autoscaling_group.ApiScalingGroup",
            "aws_autoscaling_policy.soluti_policy_down",
            "aws_iam_instance_profile.readS3role",
            "aws_launch_configuration.ApiLaunch",
            "aws_lb_target_group.ApiLBTargetGroup",
            "aws_security_group.AppSecurityGroup",
            "aws_subnet.AppPublicSubnet",
            "aws_vpc.AppVPC",
            "data.template_file.init"
          ]
        }
      ]
    },
    {
      "mode": "managed",
      "type": "aws_cloudwatch_metric_alarm",
      "name": "soluti_cpu_alarm_up",
      "provider": "provider[\"registry.terraform.io/hashicorp/aws\"]",
      "instances": [
        {
          "schema_version": 1,
          "attributes": {
            "actions_enabled": true,
            "alarm_actions": [
              "arn:aws:autoscaling:us-east-1:104689598512:scalingPolicy:c4e825fd-6d6f-4580-a174-48f449047337:autoScalingGroupName/soluti-soluti-launch-Klivus20220504011002232900000003-scaling-group:policyName/soluti-policy-up"
            ],
            "alarm_description": "This metric monitor EC2 instance CPU utilization",
            "alarm_name": "soluti-cpu-alarm-up",
            "arn": "arn:aws:cloudwatch:us-east-1:104689598512:alarm:soluti-cpu-alarm-up",
            "comparison_operator": "GreaterThanOrEqualToThreshold",
            "datapoints_to_alarm": 0,
            "dimensions": {
              "AutoApiScalingGroupName": "soluti-soluti-launch-Klivus20220504011002232900000003-scaling-group"
            },
            "evaluate_low_sample_count_percentiles": "",
            "evaluation_periods": 2,
            "extended_statistic": "",
            "id": "soluti-cpu-alarm-up",
            "insufficient_data_actions": null,
            "metric_name": "CPUUtilization",
            "metric_query": [],
            "namespace": "AWS/EC2",
            "ok_actions": null,
            "period": 600,
            "statistic": "Average",
            "tags": null,
            "tags_all": {},
            "threshold": 60,
            "threshold_metric_id": "",
            "treat_missing_data": "missing",
            "unit": ""
          },
          "sensitive_attributes": [],
          "private": "eyJzY2hlbWFfdmVyc2lvbiI6IjEifQ==",
          "dependencies": [
            "aws_autoscaling_group.SolutiScalingGroup",
            "aws_autoscaling_policy.soluti_policy_up",
            "aws_iam_instance_profile.readS3role",
            "aws_launch_configuration.SolutiLaunch",
            "aws_lb_target_group.SolutiLBTargetGroup",
            "aws_security_group.AppSecurityGroup",
            "aws_subnet.AppPublicSubnet",
            "aws_vpc.AppVPC",
            "data.template_file.initSoluti"
          ]
        }
      ]
    },
    {
      "mode": "managed",
      "type": "aws_iam_instance_profile",
      "name": "readS3role",
      "provider": "provider[\"registry.terraform.io/hashicorp/aws\"]",
      "instances": [
        {
          "schema_version": 0,
          "attributes": {
            "arn": "arn:aws:iam::104689598512:instance-profile/read-s3-role-v2x",
            "create_date": "2022-05-04T01:09:42Z",
            "id": "read-s3-role-v2x",
            "name": "read-s3-role-v2x",
            "name_prefix": null,
            "path": "/",
            "role": "03-ec2-read-s3",
            "tags": null,
            "tags_all": {},
            "unique_id": "AIPARQX74QAYI4AUZSVCO"
          },
          "sensitive_attributes": [],
          "private": "bnVsbA==",
          "create_before_destroy": true
        }
      ]
    },
    {
      "mode": "managed",
      "type": "aws_instance",
      "name": "ApiInstance",
      "provider": "provider[\"registry.terraform.io/hashicorp/aws\"]",
      "instances": [
        {
          "schema_version": 1,
          "attributes": {
            "ami": "ami-04505e74c0741db8d",
            "arn": "arn:aws:ec2:us-east-1:104689598512:instance/i-0c0a618cce5463bb6",
            "associate_public_ip_address": true,
            "availability_zone": "us-east-1a",
            "capacity_reservation_specification": [
              {
                "capacity_reservation_preference": "open",
                "capacity_reservation_target": []
              }
            ],
            "cpu_core_count": 1,
            "cpu_threads_per_core": 1,
            "credit_specification": [
              {
                "cpu_credits": "standard"
              }
            ],
            "disable_api_termination": false,
            "ebs_block_device": [],
            "ebs_optimized": false,
            "enclave_options": [
              {
                "enabled": false
              }
            ],
            "ephemeral_block_device": [],
            "get_password_data": false,
            "hibernation": false,
            "host_id": null,
            "iam_instance_profile": "read-s3-role-v2x",
            "id": "i-0c0a618cce5463bb6",
            "instance_initiated_shutdown_behavior": "stop",
            "instance_state": "running",
            "instance_type": "t2.small",
            "ipv6_address_count": 0,
            "ipv6_addresses": [],
            "key_name": "klivus",
            "launch_template": [],
            "metadata_options": [
              {
                "http_endpoint": "enabled",
                "http_put_response_hop_limit": 1,
                "http_tokens": "optional",
                "instance_metadata_tags": "disabled"
              }
            ],
            "monitoring": false,
            "network_interface": [],
            "outpost_arn": "",
            "password_data": "",
            "placement_group": "",
            "placement_partition_number": null,
            "primary_network_interface_id": "eni-0200bd16185f30ca1",
            "private_dns": "ip-10-0-1-254.ec2.internal",
            "private_ip": "10.0.1.254",
            "public_dns": "ec2-44-203-111-178.compute-1.amazonaws.com",
            "public_ip": "44.203.111.178",
            "root_block_device": [
              {
                "delete_on_termination": true,
                "device_name": "/dev/sda1",
                "encrypted": false,
                "iops": 100,
                "kms_key_id": "",
                "tags": {},
                "throughput": 0,
                "volume_id": "vol-002a9418c9135b822",
                "volume_size": 8,
                "volume_type": "gp2"
              }
            ],
            "secondary_private_ips": [],
            "security_groups": [],
            "source_dest_check": true,
            "subnet_id": "subnet-0b75f63ae13c0d5d4",
            "tags": {
              "Name": "master-instance-api-Klivus"
            },
            "tags_all": {
              "Name": "master-instance-api-Klivus"
            },
            "tenancy": "default",
            "timeouts": null,
            "user_data": "2db67ea93bff0199be09bb81769e295e1387dbcd",
            "user_data_base64": null,
            "user_data_replace_on_change": false,
            "volume_tags": null,
            "vpc_security_group_ids": [
              "sg-01118a1f98b80eb36"
            ]
          },
          "sensitive_attributes": [],
          "private": "eyJlMmJmYjczMC1lY2FhLTExZTYtOGY4OC0zNDM2M2JjN2M0YzAiOnsiY3JlYXRlIjo2MDAwMDAwMDAwMDAsImRlbGV0ZSI6MTIwMDAwMDAwMDAwMCwidXBkYXRlIjo2MDAwMDAwMDAwMDB9LCJzY2hlbWFfdmVyc2lvbiI6IjEifQ==",
          "dependencies": [
            "aws_iam_instance_profile.readS3role",
            "aws_security_group.AppSecurityGroup",
            "aws_subnet.AppPublicSubnet",
            "aws_vpc.AppVPC",
            "data.template_file.init"
          ]
        }
      ]
    },
    {
      "mode": "managed",
      "type": "aws_instance",
      "name": "SiteInstance",
      "provider": "provider[\"registry.terraform.io/hashicorp/aws\"]",
      "instances": [
        {
          "schema_version": 1,
          "attributes": {
            "ami": "ami-04505e74c0741db8d",
            "arn": "arn:aws:ec2:us-east-1:104689598512:instance/i-095c0724b13c6523a",
            "associate_public_ip_address": true,
            "availability_zone": "us-east-1a",
            "capacity_reservation_specification": [
              {
                "capacity_reservation_preference": "open",
                "capacity_reservation_target": []
              }
            ],
            "cpu_core_count": 1,
            "cpu_threads_per_core": 1,
            "credit_specification": [
              {
                "cpu_credits": "standard"
              }
            ],
            "disable_api_termination": false,
            "ebs_block_device": [],
            "ebs_optimized": false,
            "enclave_options": [
              {
                "enabled": false
              }
            ],
            "ephemeral_block_device": [],
            "get_password_data": false,
            "hibernation": false,
            "host_id": null,
            "iam_instance_profile": "read-s3-role-v2x",
            "id": "i-095c0724b13c6523a",
            "instance_initiated_shutdown_behavior": "stop",
            "instance_state": "running",
            "instance_type": "t2.small",
            "ipv6_address_count": 0,
            "ipv6_addresses": [],
            "key_name": "klivus",
            "launch_template": [],
            "metadata_options": [
              {
                "http_endpoint": "enabled",
                "http_put_response_hop_limit": 1,
                "http_tokens": "optional",
                "instance_metadata_tags": "disabled"
              }
            ],
            "monitoring": false,
            "network_interface": [],
            "outpost_arn": "",
            "password_data": "",
            "placement_group": "",
            "placement_partition_number": null,
            "primary_network_interface_id": "eni-0b35a26604346f6ab",
            "private_dns": "ip-10-0-1-42.ec2.internal",
            "private_ip": "10.0.1.42",
            "public_dns": "ec2-34-207-69-142.compute-1.amazonaws.com",
            "public_ip": "34.207.69.142",
            "root_block_device": [
              {
                "delete_on_termination": true,
                "device_name": "/dev/sda1",
                "encrypted": false,
                "iops": 100,
                "kms_key_id": "",
                "tags": {},
                "throughput": 0,
                "volume_id": "vol-0dabbad08815091aa",
                "volume_size": 8,
                "volume_type": "gp2"
              }
            ],
            "secondary_private_ips": [],
            "security_groups": [],
            "source_dest_check": true,
            "subnet_id": "subnet-0b75f63ae13c0d5d4",
            "tags": {
              "Name": "master-instance-site-Klivus"
            },
            "tags_all": {
              "Name": "master-instance-site-Klivus"
            },
            "tenancy": "default",
            "timeouts": null,
            "user_data": "0e63fa892ede2e25de5bf62cf7cf6d45d34a6a1a",
            "user_data_base64": null,
            "user_data_replace_on_change": false,
            "volume_tags": null,
            "vpc_security_group_ids": [
              "sg-01118a1f98b80eb36"
            ]
          },
          "sensitive_attributes": [],
          "private": "eyJlMmJmYjczMC1lY2FhLTExZTYtOGY4OC0zNDM2M2JjN2M0YzAiOnsiY3JlYXRlIjo2MDAwMDAwMDAwMDAsImRlbGV0ZSI6MTIwMDAwMDAwMDAwMCwidXBkYXRlIjo2MDAwMDAwMDAwMDB9LCJzY2hlbWFfdmVyc2lvbiI6IjEifQ==",
          "dependencies": [
            "aws_iam_instance_profile.readS3role",
            "aws_security_group.AppSecurityGroup",
            "aws_subnet.AppPublicSubnet",
            "aws_vpc.AppVPC",
            "data.template_file.initSite"
          ]
        }
      ]
    },
    {
      "mode": "managed",
      "type": "aws_instance",
      "name": "SolutiInstance",
      "provider": "provider[\"registry.terraform.io/hashicorp/aws\"]",
      "instances": [
        {
          "schema_version": 1,
          "attributes": {
            "ami": "ami-04505e74c0741db8d",
            "arn": "arn:aws:ec2:us-east-1:104689598512:instance/i-0a11edd5f7256e13f",
            "associate_public_ip_address": true,
            "availability_zone": "us-east-1a",
            "capacity_reservation_specification": [
              {
                "capacity_reservation_preference": "open",
                "capacity_reservation_target": []
              }
            ],
            "cpu_core_count": 1,
            "cpu_threads_per_core": 1,
            "credit_specification": [
              {
                "cpu_credits": "standard"
              }
            ],
            "disable_api_termination": false,
            "ebs_block_device": [],
            "ebs_optimized": false,
            "enclave_options": [
              {
                "enabled": false
              }
            ],
            "ephemeral_block_device": [],
            "get_password_data": false,
            "hibernation": false,
            "host_id": null,
            "iam_instance_profile": "read-s3-role-v2x",
            "id": "i-0a11edd5f7256e13f",
            "instance_initiated_shutdown_behavior": "stop",
            "instance_state": "running",
            "instance_type": "t2.micro",
            "ipv6_address_count": 0,
            "ipv6_addresses": [],
            "key_name": "klivus",
            "launch_template": [],
            "metadata_options": [
              {
                "http_endpoint": "enabled",
                "http_put_response_hop_limit": 1,
                "http_tokens": "optional",
                "instance_metadata_tags": "disabled"
              }
            ],
            "monitoring": false,
            "network_interface": [],
            "outpost_arn": "",
            "password_data": "",
            "placement_group": "",
            "placement_partition_number": null,
            "primary_network_interface_id": "eni-05d0b7198dba2ec71",
            "private_dns": "ip-10-0-1-92.ec2.internal",
            "private_ip": "10.0.1.92",
            "public_dns": "ec2-35-170-243-70.compute-1.amazonaws.com",
            "public_ip": "35.170.243.70",
            "root_block_device": [
              {
                "delete_on_termination": true,
                "device_name": "/dev/sda1",
                "encrypted": false,
                "iops": 100,
                "kms_key_id": "",
                "tags": {},
                "throughput": 0,
                "volume_id": "vol-0e70f15427a146d16",
                "volume_size": 8,
                "volume_type": "gp2"
              }
            ],
            "secondary_private_ips": [],
            "security_groups": [],
            "source_dest_check": true,
            "subnet_id": "subnet-0b75f63ae13c0d5d4",
            "tags": {
              "Name": "master-instance-soluti-Klivus"
            },
            "tags_all": {
              "Name": "master-instance-soluti-Klivus"
            },
            "tenancy": "default",
            "timeouts": null,
            "user_data": "f462aeb13eb12abd2e3d91ac960d89de7ebe9353",
            "user_data_base64": null,
            "user_data_replace_on_change": false,
            "volume_tags": null,
            "vpc_security_group_ids": [
              "sg-01118a1f98b80eb36"
            ]
          },
          "sensitive_attributes": [],
          "private": "eyJlMmJmYjczMC1lY2FhLTExZTYtOGY4OC0zNDM2M2JjN2M0YzAiOnsiY3JlYXRlIjo2MDAwMDAwMDAwMDAsImRlbGV0ZSI6MTIwMDAwMDAwMDAwMCwidXBkYXRlIjo2MDAwMDAwMDAwMDB9LCJzY2hlbWFfdmVyc2lvbiI6IjEifQ==",
          "dependencies": [
            "aws_iam_instance_profile.readS3role",
            "aws_security_group.AppSecurityGroup",
            "aws_subnet.AppPublicSubnet",
            "aws_vpc.AppVPC",
            "data.template_file.initSoluti"
          ]
        }
      ]
    },
    {
      "mode": "managed",
      "type": "aws_internet_gateway",
      "name": "AppGateway",
      "provider": "provider[\"registry.terraform.io/hashicorp/aws\"]",
      "instances": [
        {
          "schema_version": 0,
          "attributes": {
            "arn": "arn:aws:ec2:us-east-1:104689598512:internet-gateway/igw-0b25a6639c6fbc5d7",
            "id": "igw-0b25a6639c6fbc5d7",
            "owner_id": "104689598512",
            "tags": {
              "Name": "ig-Klivus"
            },
            "tags_all": {
              "Name": "ig-Klivus"
            },
            "vpc_id": "vpc-04981c9f76b59f9dc"
          },
          "sensitive_attributes": [],
          "private": "bnVsbA==",
          "dependencies": [
            "aws_vpc.AppVPC"
          ],
          "create_before_destroy": true
        }
      ]
    },
    {
      "mode": "managed",
      "type": "aws_launch_configuration",
      "name": "ApiLaunch",
      "provider": "provider[\"registry.terraform.io/hashicorp/aws\"]",
      "instances": [
        {
          "schema_version": 0,
          "attributes": {
            "arn": "arn:aws:autoscaling:us-east-1:104689598512:launchConfiguration:24cb47e0-415a-4a45-a62e-550a6d2a9e3a:launchConfigurationName/api-launch-Klivus20220504011002232600000002",
            "associate_public_ip_address": true,
            "ebs_block_device": [],
            "ebs_optimized": false,
            "enable_monitoring": true,
            "ephemeral_block_device": [],
            "iam_instance_profile": "read-s3-role-v2x",
            "id": "api-launch-Klivus20220504011002232600000002",
            "image_id": "ami-04505e74c0741db8d",
            "instance_type": "t2.small",
            "key_name": "klivus",
            "metadata_options": [],
            "name": "api-launch-Klivus20220504011002232600000002",
            "name_prefix": "api-launch-Klivus",
            "placement_tenancy": null,
            "root_block_device": [],
            "security_groups": [
              "sg-01118a1f98b80eb36"
            ],
            "spot_price": "",
            "user_data": "2db67ea93bff0199be09bb81769e295e1387dbcd",
            "user_data_base64": null,
            "vpc_classic_link_id": "",
            "vpc_classic_link_security_groups": null
          },
          "sensitive_attributes": [],
          "private": "bnVsbA==",
          "dependencies": [
            "aws_iam_instance_profile.readS3role",
            "aws_security_group.AppSecurityGroup",
            "aws_vpc.AppVPC",
            "data.template_file.init"
          ],
          "create_before_destroy": true
        }
      ]
    },
    {
      "mode": "managed",
      "type": "aws_launch_configuration",
      "name": "SiteLaunch",
      "provider": "provider[\"registry.terraform.io/hashicorp/aws\"]",
      "instances": [
        {
          "schema_version": 0,
          "attributes": {
            "arn": "arn:aws:autoscaling:us-east-1:104689598512:launchConfiguration:6f16f801-8254-4209-be1e-e22aa9cbc9a0:launchConfigurationName/site-launch-Klivus20220504011002230600000001",
            "associate_public_ip_address": true,
            "ebs_block_device": [],
            "ebs_optimized": false,
            "enable_monitoring": true,
            "ephemeral_block_device": [],
            "iam_instance_profile": "read-s3-role-v2x",
            "id": "site-launch-Klivus20220504011002230600000001",
            "image_id": "ami-04505e74c0741db8d",
            "instance_type": "t2.small",
            "key_name": "klivus",
            "metadata_options": [],
            "name": "site-launch-Klivus20220504011002230600000001",
            "name_prefix": "site-launch-Klivus",
            "placement_tenancy": null,
            "root_block_device": [],
            "security_groups": [
              "sg-01118a1f98b80eb36"
            ],
            "spot_price": "",
            "user_data": "0e63fa892ede2e25de5bf62cf7cf6d45d34a6a1a",
            "user_data_base64": null,
            "vpc_classic_link_id": "",
            "vpc_classic_link_security_groups": null
          },
          "sensitive_attributes": [],
          "private": "bnVsbA==",
          "dependencies": [
            "aws_iam_instance_profile.readS3role",
            "aws_security_group.AppSecurityGroup",
            "aws_vpc.AppVPC",
            "data.template_file.initSite"
          ],
          "create_before_destroy": true
        }
      ]
    },
    {
      "mode": "managed",
      "type": "aws_launch_configuration",
      "name": "SolutiLaunch",
      "provider": "provider[\"registry.terraform.io/hashicorp/aws\"]",
      "instances": [
        {
          "schema_version": 0,
          "attributes": {
            "arn": "arn:aws:autoscaling:us-east-1:104689598512:launchConfiguration:746843de-2c90-4a97-8237-5944cabd360d:launchConfigurationName/soluti-launch-Klivus20220504011002232900000003",
            "associate_public_ip_address": true,
            "ebs_block_device": [],
            "ebs_optimized": false,
            "enable_monitoring": true,
            "ephemeral_block_device": [],
            "iam_instance_profile": "read-s3-role-v2x",
            "id": "soluti-launch-Klivus20220504011002232900000003",
            "image_id": "ami-04505e74c0741db8d",
            "instance_type": "t2.micro",
            "key_name": "klivus",
            "metadata_options": [],
            "name": "soluti-launch-Klivus20220504011002232900000003",
            "name_prefix": "soluti-launch-Klivus",
            "placement_tenancy": null,
            "root_block_device": [],
            "security_groups": [
              "sg-01118a1f98b80eb36"
            ],
            "spot_price": "",
            "user_data": "f462aeb13eb12abd2e3d91ac960d89de7ebe9353",
            "user_data_base64": null,
            "vpc_classic_link_id": "",
            "vpc_classic_link_security_groups": null
          },
          "sensitive_attributes": [],
          "private": "bnVsbA==",
          "dependencies": [
            "aws_iam_instance_profile.readS3role",
            "aws_security_group.AppSecurityGroup",
            "aws_vpc.AppVPC",
            "data.template_file.initSoluti"
          ],
          "create_before_destroy": true
        }
      ]
    },
    {
      "mode": "managed",
      "type": "aws_lb",
      "name": "ApiLoadBalance",
      "provider": "provider[\"registry.terraform.io/hashicorp/aws\"]",
      "instances": [
        {
          "schema_version": 0,
          "attributes": {
            "access_logs": [
              {
                "bucket": "",
                "enabled": false,
                "prefix": ""
              }
            ],
            "arn": "arn:aws:elasticloadbalancing:us-east-1:104689598512:loadbalancer/app/api-lb-app-Klivus/e4868f0fd2c9628c",
            "arn_suffix": "app/api-lb-app-Klivus/e4868f0fd2c9628c",
            "customer_owned_ipv4_pool": "",
            "desync_mitigation_mode": "defensive",
            "dns_name": "api-lb-app-Klivus-908765993.us-east-1.elb.amazonaws.com",
            "drop_invalid_header_fields": false,
            "enable_cross_zone_load_balancing": null,
            "enable_deletion_protection": false,
            "enable_http2": true,
            "enable_waf_fail_open": false,
            "id": "arn:aws:elasticloadbalancing:us-east-1:104689598512:loadbalancer/app/api-lb-app-Klivus/e4868f0fd2c9628c",
            "idle_timeout": 60,
            "internal": false,
            "ip_address_type": "ipv4",
            "load_balancer_type": "application",
            "name": "api-lb-app-Klivus",
            "name_prefix": null,
            "security_groups": [
              "sg-05881c78e09850d15"
            ],
            "subnet_mapping": [
              {
                "allocation_id": "",
                "ipv6_address": "",
                "outpost_id": "",
                "private_ipv4_address": "",
                "subnet_id": "subnet-00375fb7819aecc3f"
              },
              {
                "allocation_id": "",
                "ipv6_address": "",
                "outpost_id": "",
                "private_ipv4_address": "",
                "subnet_id": "subnet-075c9ebe76ee485e7"
              },
              {
                "allocation_id": "",
                "ipv6_address": "",
                "outpost_id": "",
                "private_ipv4_address": "",
                "subnet_id": "subnet-0b75f63ae13c0d5d4"
              },
              {
                "allocation_id": "",
                "ipv6_address": "",
                "outpost_id": "",
                "private_ipv4_address": "",
                "subnet_id": "subnet-0fb114f75c797da55"
              }
            ],
            "subnets": [
              "subnet-00375fb7819aecc3f",
              "subnet-075c9ebe76ee485e7",
              "subnet-0b75f63ae13c0d5d4",
              "subnet-0fb114f75c797da55"
            ],
            "tags": {
              "Environment": "lb-api-Klivus"
            },
            "tags_all": {
              "Environment": "lb-api-Klivus"
            },
            "timeouts": null,
            "vpc_id": "vpc-04981c9f76b59f9dc",
            "zone_id": "Z35SXDOTRQ7X7K"
          },
          "sensitive_attributes": [],
          "private": "eyJlMmJmYjczMC1lY2FhLTExZTYtOGY4OC0zNDM2M2JjN2M0YzAiOnsiY3JlYXRlIjo2MDAwMDAwMDAwMDAsImRlbGV0ZSI6NjAwMDAwMDAwMDAwLCJ1cGRhdGUiOjYwMDAwMDAwMDAwMH19",
          "dependencies": [
            "aws_security_group.ApiLBGroup",
            "aws_subnet.AppPublicSubnet",
            "aws_vpc.AppVPC"
          ],
          "create_before_destroy": true
        }
      ]
    },
    {
      "mode": "managed",
      "type": "aws_lb",
      "name": "SiteLoadBalance",
      "provider": "provider[\"registry.terraform.io/hashicorp/aws\"]",
      "instances": [
        {
          "schema_version": 0,
          "attributes": {
            "access_logs": [
              {
                "bucket": "",
                "enabled": false,
                "prefix": ""
              }
            ],
            "arn": "arn:aws:elasticloadbalancing:us-east-1:104689598512:loadbalancer/app/site-lb-app-Klivus/ec3da5b671bad324",
            "arn_suffix": "app/site-lb-app-Klivus/ec3da5b671bad324",
            "customer_owned_ipv4_pool": "",
            "desync_mitigation_mode": "defensive",
            "dns_name": "site-lb-app-Klivus-646334912.us-east-1.elb.amazonaws.com",
            "drop_invalid_header_fields": false,
            "enable_cross_zone_load_balancing": null,
            "enable_deletion_protection": false,
            "enable_http2": true,
            "enable_waf_fail_open": false,
            "id": "arn:aws:elasticloadbalancing:us-east-1:104689598512:loadbalancer/app/site-lb-app-Klivus/ec3da5b671bad324",
            "idle_timeout": 60,
            "internal": false,
            "ip_address_type": "ipv4",
            "load_balancer_type": "application",
            "name": "site-lb-app-Klivus",
            "name_prefix": null,
            "security_groups": [
              "sg-01353fb63eb3e730a"
            ],
            "subnet_mapping": [
              {
                "allocation_id": "",
                "ipv6_address": "",
                "outpost_id": "",
                "private_ipv4_address": "",
                "subnet_id": "subnet-00375fb7819aecc3f"
              },
              {
                "allocation_id": "",
                "ipv6_address": "",
                "outpost_id": "",
                "private_ipv4_address": "",
                "subnet_id": "subnet-075c9ebe76ee485e7"
              },
              {
                "allocation_id": "",
                "ipv6_address": "",
                "outpost_id": "",
                "private_ipv4_address": "",
                "subnet_id": "subnet-0b75f63ae13c0d5d4"
              },
              {
                "allocation_id": "",
                "ipv6_address": "",
                "outpost_id": "",
                "private_ipv4_address": "",
                "subnet_id": "subnet-0fb114f75c797da55"
              }
            ],
            "subnets": [
              "subnet-00375fb7819aecc3f",
              "subnet-075c9ebe76ee485e7",
              "subnet-0b75f63ae13c0d5d4",
              "subnet-0fb114f75c797da55"
            ],
            "tags": {
              "Environment": "lb-app-Klivus"
            },
            "tags_all": {
              "Environment": "lb-app-Klivus"
            },
            "timeouts": null,
            "vpc_id": "vpc-04981c9f76b59f9dc",
            "zone_id": "Z35SXDOTRQ7X7K"
          },
          "sensitive_attributes": [],
          "private": "eyJlMmJmYjczMC1lY2FhLTExZTYtOGY4OC0zNDM2M2JjN2M0YzAiOnsiY3JlYXRlIjo2MDAwMDAwMDAwMDAsImRlbGV0ZSI6NjAwMDAwMDAwMDAwLCJ1cGRhdGUiOjYwMDAwMDAwMDAwMH19",
          "dependencies": [
            "aws_security_group.SiteLBGroup",
            "aws_subnet.AppPublicSubnet",
            "aws_vpc.AppVPC"
          ],
          "create_before_destroy": true
        }
      ]
    },
    {
      "mode": "managed",
      "type": "aws_lb",
      "name": "SolutiLoadBalance",
      "provider": "provider[\"registry.terraform.io/hashicorp/aws\"]",
      "instances": [
        {
          "schema_version": 0,
          "attributes": {
            "access_logs": [
              {
                "bucket": "",
                "enabled": false,
                "prefix": ""
              }
            ],
            "arn": "arn:aws:elasticloadbalancing:us-east-1:104689598512:loadbalancer/app/soluti-lb-app-Klivus/a0097337bb314a9c",
            "arn_suffix": "app/soluti-lb-app-Klivus/a0097337bb314a9c",
            "customer_owned_ipv4_pool": "",
            "desync_mitigation_mode": "defensive",
            "dns_name": "soluti-lb-app-Klivus-488648970.us-east-1.elb.amazonaws.com",
            "drop_invalid_header_fields": false,
            "enable_cross_zone_load_balancing": null,
            "enable_deletion_protection": false,
            "enable_http2": true,
            "enable_waf_fail_open": false,
            "id": "arn:aws:elasticloadbalancing:us-east-1:104689598512:loadbalancer/app/soluti-lb-app-Klivus/a0097337bb314a9c",
            "idle_timeout": 60,
            "internal": false,
            "ip_address_type": "ipv4",
            "load_balancer_type": "application",
            "name": "soluti-lb-app-Klivus",
            "name_prefix": null,
            "security_groups": [
              "sg-03e08bccd2440f1b9"
            ],
            "subnet_mapping": [
              {
                "allocation_id": "",
                "ipv6_address": "",
                "outpost_id": "",
                "private_ipv4_address": "",
                "subnet_id": "subnet-00375fb7819aecc3f"
              },
              {
                "allocation_id": "",
                "ipv6_address": "",
                "outpost_id": "",
                "private_ipv4_address": "",
                "subnet_id": "subnet-075c9ebe76ee485e7"
              },
              {
                "allocation_id": "",
                "ipv6_address": "",
                "outpost_id": "",
                "private_ipv4_address": "",
                "subnet_id": "subnet-0b75f63ae13c0d5d4"
              },
              {
                "allocation_id": "",
                "ipv6_address": "",
                "outpost_id": "",
                "private_ipv4_address": "",
                "subnet_id": "subnet-0fb114f75c797da55"
              }
            ],
            "subnets": [
              "subnet-00375fb7819aecc3f",
              "subnet-075c9ebe76ee485e7",
              "subnet-0b75f63ae13c0d5d4",
              "subnet-0fb114f75c797da55"
            ],
            "tags": {
              "Environment": "lb-app-Klivus"
            },
            "tags_all": {
              "Environment": "lb-app-Klivus"
            },
            "timeouts": null,
            "vpc_id": "vpc-04981c9f76b59f9dc",
            "zone_id": "Z35SXDOTRQ7X7K"
          },
          "sensitive_attributes": [],
          "private": "eyJlMmJmYjczMC1lY2FhLTExZTYtOGY4OC0zNDM2M2JjN2M0YzAiOnsiY3JlYXRlIjo2MDAwMDAwMDAwMDAsImRlbGV0ZSI6NjAwMDAwMDAwMDAwLCJ1cGRhdGUiOjYwMDAwMDAwMDAwMH19",
          "dependencies": [
            "aws_security_group.SolutiLBGroup",
            "aws_subnet.AppPublicSubnet",
            "aws_vpc.AppVPC"
          ],
          "create_before_destroy": true
        }
      ]
    },
    {
      "mode": "managed",
      "type": "aws_lb_listener",
      "name": "ApiListenerLB_80",
      "provider": "provider[\"registry.terraform.io/hashicorp/aws\"]",
      "instances": [
        {
          "schema_version": 0,
          "attributes": {
            "alpn_policy": null,
            "arn": "arn:aws:elasticloadbalancing:us-east-1:104689598512:listener/app/api-lb-app-Klivus/e4868f0fd2c9628c/016ee7e758886f6d",
            "certificate_arn": null,
            "default_action": [
              {
                "authenticate_cognito": [],
                "authenticate_oidc": [],
                "fixed_response": [],
                "forward": [],
                "order": 1,
                "redirect": [],
                "target_group_arn": "arn:aws:elasticloadbalancing:us-east-1:104689598512:targetgroup/api-lb-target-group-3000/5a55e2647860002d",
                "type": "forward"
              }
            ],
            "id": "arn:aws:elasticloadbalancing:us-east-1:104689598512:listener/app/api-lb-app-Klivus/e4868f0fd2c9628c/016ee7e758886f6d",
            "load_balancer_arn": "arn:aws:elasticloadbalancing:us-east-1:104689598512:loadbalancer/app/api-lb-app-Klivus/e4868f0fd2c9628c",
            "port": 80,
            "protocol": "HTTP",
            "ssl_policy": "",
            "tags": null,
            "tags_all": {},
            "timeouts": null
          },
          "sensitive_attributes": [],
          "private": "eyJlMmJmYjczMC1lY2FhLTExZTYtOGY4OC0zNDM2M2JjN2M0YzAiOnsicmVhZCI6NjAwMDAwMDAwMDAwfX0=",
          "dependencies": [
            "aws_lb.ApiLoadBalance",
            "aws_lb_target_group.ApiLBTargetGroup",
            "aws_security_group.ApiLBGroup",
            "aws_subnet.AppPublicSubnet",
            "aws_vpc.AppVPC"
          ]
        }
      ]
    },
    {
      "mode": "managed",
      "type": "aws_lb_listener",
      "name": "SiteListenerLB_443",
      "provider": "provider[\"registry.terraform.io/hashicorp/aws\"]",
      "instances": [
        {
          "schema_version": 0,
          "attributes": {
            "alpn_policy": null,
            "arn": "arn:aws:elasticloadbalancing:us-east-1:104689598512:listener/app/site-lb-app-Klivus/ec3da5b671bad324/87d44df838f89066",
            "certificate_arn": "arn:aws:acm:us-east-1:104689598512:certificate/7229ee05-b031-4956-ab81-44937ff21785",
            "default_action": [
              {
                "authenticate_cognito": [],
                "authenticate_oidc": [],
                "fixed_response": [],
                "forward": [],
                "order": 1,
                "redirect": [],
                "target_group_arn": "arn:aws:elasticloadbalancing:us-east-1:104689598512:targetgroup/site-lb-target-group-3001/8e71312d0e505b0f",
                "type": "forward"
              }
            ],
            "id": "arn:aws:elasticloadbalancing:us-east-1:104689598512:listener/app/site-lb-app-Klivus/ec3da5b671bad324/87d44df838f89066",
            "load_balancer_arn": "arn:aws:elasticloadbalancing:us-east-1:104689598512:loadbalancer/app/site-lb-app-Klivus/ec3da5b671bad324",
            "port": 443,
            "protocol": "HTTPS",
            "ssl_policy": "ELBSecurityPolicy-2016-08",
            "tags": null,
            "tags_all": {},
            "timeouts": null
          },
          "sensitive_attributes": [],
          "private": "eyJlMmJmYjczMC1lY2FhLTExZTYtOGY4OC0zNDM2M2JjN2M0YzAiOnsicmVhZCI6NjAwMDAwMDAwMDAwfX0=",
          "dependencies": [
            "aws_lb.SiteLoadBalance",
            "aws_lb_target_group.SiteLBTargetGroup",
            "aws_security_group.SiteLBGroup",
            "aws_subnet.AppPublicSubnet",
            "aws_vpc.AppVPC"
          ]
        }
      ]
    },
    {
      "mode": "managed",
      "type": "aws_lb_listener",
      "name": "SiteListenerLB_80",
      "provider": "provider[\"registry.terraform.io/hashicorp/aws\"]",
      "instances": [
        {
          "schema_version": 0,
          "attributes": {
            "alpn_policy": null,
            "arn": "arn:aws:elasticloadbalancing:us-east-1:104689598512:listener/app/site-lb-app-Klivus/ec3da5b671bad324/85183966fbd2b339",
            "certificate_arn": null,
            "default_action": [
              {
                "authenticate_cognito": [],
                "authenticate_oidc": [],
                "fixed_response": [],
                "forward": [],
                "order": 1,
                "redirect": [
                  {
                    "host": "#{host}",
                    "path": "/#{path}",
                    "port": "443",
                    "protocol": "HTTPS",
                    "query": "#{query}",
                    "status_code": "HTTP_301"
                  }
                ],
                "target_group_arn": "",
                "type": "redirect"
              }
            ],
            "id": "arn:aws:elasticloadbalancing:us-east-1:104689598512:listener/app/site-lb-app-Klivus/ec3da5b671bad324/85183966fbd2b339",
            "load_balancer_arn": "arn:aws:elasticloadbalancing:us-east-1:104689598512:loadbalancer/app/site-lb-app-Klivus/ec3da5b671bad324",
            "port": 80,
            "protocol": "HTTP",
            "ssl_policy": "",
            "tags": null,
            "tags_all": {},
            "timeouts": null
          },
          "sensitive_attributes": [],
          "private": "eyJlMmJmYjczMC1lY2FhLTExZTYtOGY4OC0zNDM2M2JjN2M0YzAiOnsicmVhZCI6NjAwMDAwMDAwMDAwfX0=",
          "dependencies": [
            "aws_lb.SiteLoadBalance",
            "aws_security_group.SiteLBGroup",
            "aws_subnet.AppPublicSubnet",
            "aws_vpc.AppVPC"
          ]
        }
      ]
    },
    {
      "mode": "managed",
      "type": "aws_lb_listener",
      "name": "SolutiListenerLB_443",
      "provider": "provider[\"registry.terraform.io/hashicorp/aws\"]",
      "instances": [
        {
          "schema_version": 0,
          "attributes": {
            "alpn_policy": null,
            "arn": "arn:aws:elasticloadbalancing:us-east-1:104689598512:listener/app/soluti-lb-app-Klivus/a0097337bb314a9c/0073b73a9bf9f891",
            "certificate_arn": "arn:aws:acm:us-east-1:104689598512:certificate/7229ee05-b031-4956-ab81-44937ff21785",
            "default_action": [
              {
                "authenticate_cognito": [],
                "authenticate_oidc": [],
                "fixed_response": [],
                "forward": [],
                "order": 1,
                "redirect": [],
                "target_group_arn": "arn:aws:elasticloadbalancing:us-east-1:104689598512:targetgroup/soluti-lb-target-group-3002/69c9a4f028f2328f",
                "type": "forward"
              }
            ],
            "id": "arn:aws:elasticloadbalancing:us-east-1:104689598512:listener/app/soluti-lb-app-Klivus/a0097337bb314a9c/0073b73a9bf9f891",
            "load_balancer_arn": "arn:aws:elasticloadbalancing:us-east-1:104689598512:loadbalancer/app/soluti-lb-app-Klivus/a0097337bb314a9c",
            "port": 443,
            "protocol": "HTTPS",
            "ssl_policy": "ELBSecurityPolicy-2016-08",
            "tags": null,
            "tags_all": {},
            "timeouts": null
          },
          "sensitive_attributes": [],
          "private": "eyJlMmJmYjczMC1lY2FhLTExZTYtOGY4OC0zNDM2M2JjN2M0YzAiOnsicmVhZCI6NjAwMDAwMDAwMDAwfX0=",
          "dependencies": [
            "aws_lb.SolutiLoadBalance",
            "aws_lb_target_group.SolutiLBTargetGroup",
            "aws_security_group.SolutiLBGroup",
            "aws_subnet.AppPublicSubnet",
            "aws_vpc.AppVPC"
          ]
        }
      ]
    },
    {
      "mode": "managed",
      "type": "aws_lb_listener",
      "name": "SolutiListenerLB_80",
      "provider": "provider[\"registry.terraform.io/hashicorp/aws\"]",
      "instances": [
        {
          "schema_version": 0,
          "attributes": {
            "alpn_policy": null,
            "arn": "arn:aws:elasticloadbalancing:us-east-1:104689598512:listener/app/soluti-lb-app-Klivus/a0097337bb314a9c/11a7c0735788af2f",
            "certificate_arn": null,
            "default_action": [
              {
                "authenticate_cognito": [],
                "authenticate_oidc": [],
                "fixed_response": [],
                "forward": [],
                "order": 1,
                "redirect": [
                  {
                    "host": "#{host}",
                    "path": "/#{path}",
                    "port": "443",
                    "protocol": "HTTPS",
                    "query": "#{query}",
                    "status_code": "HTTP_301"
                  }
                ],
                "target_group_arn": "",
                "type": "redirect"
              }
            ],
            "id": "arn:aws:elasticloadbalancing:us-east-1:104689598512:listener/app/soluti-lb-app-Klivus/a0097337bb314a9c/11a7c0735788af2f",
            "load_balancer_arn": "arn:aws:elasticloadbalancing:us-east-1:104689598512:loadbalancer/app/soluti-lb-app-Klivus/a0097337bb314a9c",
            "port": 80,
            "protocol": "HTTP",
            "ssl_policy": "",
            "tags": null,
            "tags_all": {},
            "timeouts": null
          },
          "sensitive_attributes": [],
          "private": "eyJlMmJmYjczMC1lY2FhLTExZTYtOGY4OC0zNDM2M2JjN2M0YzAiOnsicmVhZCI6NjAwMDAwMDAwMDAwfX0=",
          "dependencies": [
            "aws_lb.SolutiLoadBalance",
            "aws_security_group.SolutiLBGroup",
            "aws_subnet.AppPublicSubnet",
            "aws_vpc.AppVPC"
          ]
        }
      ]
    },
    {
      "mode": "managed",
      "type": "aws_lb_target_group",
      "name": "ApiLBTargetGroup",
      "provider": "provider[\"registry.terraform.io/hashicorp/aws\"]",
      "instances": [
        {
          "schema_version": 0,
          "attributes": {
            "arn": "arn:aws:elasticloadbalancing:us-east-1:104689598512:targetgroup/api-lb-target-group-3000/5a55e2647860002d",
            "arn_suffix": "targetgroup/api-lb-target-group-3000/5a55e2647860002d",
            "connection_termination": false,
            "deregistration_delay": "300",
            "health_check": [
              {
                "enabled": true,
                "healthy_threshold": 3,
                "interval": 30,
                "matcher": "200-499",
                "path": "/",
                "port": "3000",
                "protocol": "HTTP",
                "timeout": 5,
                "unhealthy_threshold": 3
              }
            ],
            "id": "arn:aws:elasticloadbalancing:us-east-1:104689598512:targetgroup/api-lb-target-group-3000/5a55e2647860002d",
            "lambda_multi_value_headers_enabled": false,
            "load_balancing_algorithm_type": "round_robin",
            "name": "api-lb-target-group-3000",
            "name_prefix": null,
            "port": 3000,
            "preserve_client_ip": null,
            "protocol": "HTTP",
            "protocol_version": "HTTP1",
            "proxy_protocol_v2": false,
            "slow_start": 0,
            "stickiness": [
              {
                "cookie_duration": 86400,
                "cookie_name": "",
                "enabled": false,
                "type": "lb_cookie"
              }
            ],
            "tags": null,
            "tags_all": {},
            "target_type": "instance",
            "vpc_id": "vpc-04981c9f76b59f9dc"
          },
          "sensitive_attributes": [],
          "private": "bnVsbA==",
          "dependencies": [
            "aws_vpc.AppVPC"
          ],
          "create_before_destroy": true
        }
      ]
    },
    {
      "mode": "managed",
      "type": "aws_lb_target_group",
      "name": "SiteLBTargetGroup",
      "provider": "provider[\"registry.terraform.io/hashicorp/aws\"]",
      "instances": [
        {
          "schema_version": 0,
          "attributes": {
            "arn": "arn:aws:elasticloadbalancing:us-east-1:104689598512:targetgroup/site-lb-target-group-3001/8e71312d0e505b0f",
            "arn_suffix": "targetgroup/site-lb-target-group-3001/8e71312d0e505b0f",
            "connection_termination": false,
            "deregistration_delay": "300",
            "health_check": [
              {
                "enabled": true,
                "healthy_threshold": 3,
                "interval": 30,
                "matcher": "200-499",
                "path": "/",
                "port": "3001",
                "protocol": "HTTP",
                "timeout": 5,
                "unhealthy_threshold": 3
              }
            ],
            "id": "arn:aws:elasticloadbalancing:us-east-1:104689598512:targetgroup/site-lb-target-group-3001/8e71312d0e505b0f",
            "lambda_multi_value_headers_enabled": false,
            "load_balancing_algorithm_type": "round_robin",
            "name": "site-lb-target-group-3001",
            "name_prefix": null,
            "port": 3001,
            "preserve_client_ip": null,
            "protocol": "HTTP",
            "protocol_version": "HTTP1",
            "proxy_protocol_v2": false,
            "slow_start": 0,
            "stickiness": [
              {
                "cookie_duration": 86400,
                "cookie_name": "",
                "enabled": false,
                "type": "lb_cookie"
              }
            ],
            "tags": null,
            "tags_all": {},
            "target_type": "instance",
            "vpc_id": "vpc-04981c9f76b59f9dc"
          },
          "sensitive_attributes": [],
          "private": "bnVsbA==",
          "dependencies": [
            "aws_vpc.AppVPC"
          ],
          "create_before_destroy": true
        }
      ]
    },
    {
      "mode": "managed",
      "type": "aws_lb_target_group",
      "name": "SolutiLBTargetGroup",
      "provider": "provider[\"registry.terraform.io/hashicorp/aws\"]",
      "instances": [
        {
          "schema_version": 0,
          "attributes": {
            "arn": "arn:aws:elasticloadbalancing:us-east-1:104689598512:targetgroup/soluti-lb-target-group-3002/69c9a4f028f2328f",
            "arn_suffix": "targetgroup/soluti-lb-target-group-3002/69c9a4f028f2328f",
            "connection_termination": false,
            "deregistration_delay": "300",
            "health_check": [
              {
                "enabled": true,
                "healthy_threshold": 3,
                "interval": 30,
                "matcher": "200-499",
                "path": "/",
                "port": "3002",
                "protocol": "HTTP",
                "timeout": 5,
                "unhealthy_threshold": 3
              }
            ],
            "id": "arn:aws:elasticloadbalancing:us-east-1:104689598512:targetgroup/soluti-lb-target-group-3002/69c9a4f028f2328f",
            "lambda_multi_value_headers_enabled": false,
            "load_balancing_algorithm_type": "round_robin",
            "name": "soluti-lb-target-group-3002",
            "name_prefix": null,
            "port": 3002,
            "preserve_client_ip": null,
            "protocol": "HTTP",
            "protocol_version": "HTTP1",
            "proxy_protocol_v2": false,
            "slow_start": 0,
            "stickiness": [
              {
                "cookie_duration": 86400,
                "cookie_name": "",
                "enabled": false,
                "type": "lb_cookie"
              }
            ],
            "tags": null,
            "tags_all": {},
            "target_type": "instance",
            "vpc_id": "vpc-04981c9f76b59f9dc"
          },
          "sensitive_attributes": [],
          "private": "bnVsbA==",
          "dependencies": [
            "aws_vpc.AppVPC"
          ],
          "create_before_destroy": true
        }
      ]
    },
    {
      "mode": "managed",
      "type": "aws_lb_target_group_attachment",
      "name": "ApiSchemaRegistryTgAttach",
      "provider": "provider[\"registry.terraform.io/hashicorp/aws\"]",
      "instances": [
        {
          "schema_version": 0,
          "attributes": {
            "availability_zone": null,
            "id": "arn:aws:elasticloadbalancing:us-east-1:104689598512:targetgroup/api-lb-target-group-3000/5a55e2647860002d-20220504011102444600000006",
            "port": 3000,
            "target_group_arn": "arn:aws:elasticloadbalancing:us-east-1:104689598512:targetgroup/api-lb-target-group-3000/5a55e2647860002d",
            "target_id": "i-0c0a618cce5463bb6"
          },
          "sensitive_attributes": [],
          "private": "bnVsbA==",
          "dependencies": [
            "aws_iam_instance_profile.readS3role",
            "aws_instance.ApiInstance",
            "aws_lb_target_group.ApiLBTargetGroup",
            "aws_security_group.AppSecurityGroup",
            "aws_subnet.AppPublicSubnet",
            "aws_vpc.AppVPC",
            "data.template_file.init"
          ]
        }
      ]
    },
    {
      "mode": "managed",
      "type": "aws_lb_target_group_attachment",
      "name": "SiteSchemaRegistryTgAttach",
      "provider": "provider[\"registry.terraform.io/hashicorp/aws\"]",
      "instances": [
        {
          "schema_version": 0,
          "attributes": {
            "availability_zone": null,
            "id": "arn:aws:elasticloadbalancing:us-east-1:104689598512:targetgroup/site-lb-target-group-3001/8e71312d0e505b0f-20220504011052173100000005",
            "port": 3001,
            "target_group_arn": "arn:aws:elasticloadbalancing:us-east-1:104689598512:targetgroup/site-lb-target-group-3001/8e71312d0e505b0f",
            "target_id": "i-095c0724b13c6523a"
          },
          "sensitive_attributes": [],
          "private": "bnVsbA==",
          "dependencies": [
            "aws_iam_instance_profile.readS3role",
            "aws_instance.SiteInstance",
            "aws_lb_target_group.SiteLBTargetGroup",
            "aws_security_group.AppSecurityGroup",
            "aws_subnet.AppPublicSubnet",
            "aws_vpc.AppVPC",
            "data.template_file.initSite"
          ]
        }
      ]
    },
    {
      "mode": "managed",
      "type": "aws_lb_target_group_attachment",
      "name": "SolutiSchemaRegistryTgAttach",
      "provider": "provider[\"registry.terraform.io/hashicorp/aws\"]",
      "instances": [
        {
          "schema_version": 0,
          "attributes": {
            "availability_zone": null,
            "id": "arn:aws:elasticloadbalancing:us-east-1:104689598512:targetgroup/soluti-lb-target-group-3002/69c9a4f028f2328f-20220504011052005300000004",
            "port": 3002,
            "target_group_arn": "arn:aws:elasticloadbalancing:us-east-1:104689598512:targetgroup/soluti-lb-target-group-3002/69c9a4f028f2328f",
            "target_id": "i-0a11edd5f7256e13f"
          },
          "sensitive_attributes": [],
          "private": "bnVsbA==",
          "dependencies": [
            "aws_iam_instance_profile.readS3role",
            "aws_instance.SolutiInstance",
            "aws_lb_target_group.SolutiLBTargetGroup",
            "aws_security_group.AppSecurityGroup",
            "aws_subnet.AppPublicSubnet",
            "aws_vpc.AppVPC",
            "data.template_file.initSoluti"
          ]
        }
      ]
    },
    {
      "mode": "managed",
      "type": "aws_route_table",
      "name": "AppRoutePublic",
      "provider": "provider[\"registry.terraform.io/hashicorp/aws\"]",
      "instances": [
        {
          "schema_version": 0,
          "attributes": {
            "arn": "arn:aws:ec2:us-east-1:104689598512:route-table/rtb-0cb51603f606d0dcb",
            "id": "rtb-0cb51603f606d0dcb",
            "owner_id": "104689598512",
            "propagating_vgws": [],
            "route": [
              {
                "carrier_gateway_id": "",
                "cidr_block": "0.0.0.0/0",
                "core_network_arn": "",
                "destination_prefix_list_id": "",
                "egress_only_gateway_id": "",
                "gateway_id": "igw-0b25a6639c6fbc5d7",
                "instance_id": "",
                "ipv6_cidr_block": "",
                "local_gateway_id": "",
                "nat_gateway_id": "",
                "network_interface_id": "",
                "transit_gateway_id": "",
                "vpc_endpoint_id": "",
                "vpc_peering_connection_id": ""
              }
            ],
            "tags": {
              "Name": "rt-public-Klivus"
            },
            "tags_all": {
              "Name": "rt-public-Klivus"
            },
            "timeouts": null,
            "vpc_id": "vpc-04981c9f76b59f9dc"
          },
          "sensitive_attributes": [],
          "private": "eyJlMmJmYjczMC1lY2FhLTExZTYtOGY4OC0zNDM2M2JjN2M0YzAiOnsiY3JlYXRlIjozMDAwMDAwMDAwMDAsImRlbGV0ZSI6MzAwMDAwMDAwMDAwLCJ1cGRhdGUiOjEyMDAwMDAwMDAwMH19",
          "dependencies": [
            "aws_internet_gateway.AppGateway",
            "aws_vpc.AppVPC"
          ]
        }
      ]
    },
    {
      "mode": "managed",
      "type": "aws_route_table_association",
      "name": "rta_subnet_public",
      "provider": "provider[\"registry.terraform.io/hashicorp/aws\"]",
      "instances": [
        {
          "index_key": 0,
          "schema_version": 0,
          "attributes": {
            "gateway_id": "",
            "id": "rtbassoc-008fb1ca69f215f49",
            "route_table_id": "rtb-0cb51603f606d0dcb",
            "subnet_id": "subnet-0b75f63ae13c0d5d4"
          },
          "sensitive_attributes": [],
          "private": "bnVsbA==",
          "dependencies": [
            "aws_internet_gateway.AppGateway",
            "aws_route_table.AppRoutePublic",
            "aws_subnet.AppPublicSubnet",
            "aws_vpc.AppVPC"
          ]
        },
        {
          "index_key": 1,
          "schema_version": 0,
          "attributes": {
            "gateway_id": "",
            "id": "rtbassoc-0beee7bccded8a680",
            "route_table_id": "rtb-0cb51603f606d0dcb",
            "subnet_id": "subnet-075c9ebe76ee485e7"
          },
          "sensitive_attributes": [],
          "private": "bnVsbA==",
          "dependencies": [
            "aws_internet_gateway.AppGateway",
            "aws_route_table.AppRoutePublic",
            "aws_subnet.AppPublicSubnet",
            "aws_vpc.AppVPC"
          ]
        },
        {
          "index_key": 2,
          "schema_version": 0,
          "attributes": {
            "gateway_id": "",
            "id": "rtbassoc-0e365cb373dd49a86",
            "route_table_id": "rtb-0cb51603f606d0dcb",
            "subnet_id": "subnet-0fb114f75c797da55"
          },
          "sensitive_attributes": [],
          "private": "bnVsbA==",
          "dependencies": [
            "aws_internet_gateway.AppGateway",
            "aws_route_table.AppRoutePublic",
            "aws_subnet.AppPublicSubnet",
            "aws_vpc.AppVPC"
          ]
        },
        {
          "index_key": 3,
          "schema_version": 0,
          "attributes": {
            "gateway_id": "",
            "id": "rtbassoc-0110693f704918a07",
            "route_table_id": "rtb-0cb51603f606d0dcb",
            "subnet_id": "subnet-00375fb7819aecc3f"
          },
          "sensitive_attributes": [],
          "private": "bnVsbA==",
          "dependencies": [
            "aws_internet_gateway.AppGateway",
            "aws_route_table.AppRoutePublic",
            "aws_subnet.AppPublicSubnet",
            "aws_vpc.AppVPC"
          ]
        }
      ]
    },
    {
      "mode": "managed",
      "type": "aws_security_group",
      "name": "ApiLBGroup",
      "provider": "provider[\"registry.terraform.io/hashicorp/aws\"]",
      "instances": [
        {
          "schema_version": 1,
          "attributes": {
            "arn": "arn:aws:ec2:us-east-1:104689598512:security-group/sg-05881c78e09850d15",
            "description": "Allow HTTP and HTTPS traffic to instances through Elastic Load Balancer",
            "egress": [
              {
                "cidr_blocks": [
                  "0.0.0.0/0"
                ],
                "description": "",
                "from_port": 0,
                "ipv6_cidr_blocks": [],
                "prefix_list_ids": [],
                "protocol": "-1",
                "security_groups": [],
                "self": false,
                "to_port": 0
              }
            ],
            "id": "sg-05881c78e09850d15",
            "ingress": [
              {
                "cidr_blocks": [
                  "0.0.0.0/0"
                ],
                "description": "",
                "from_port": 80,
                "ipv6_cidr_blocks": [],
                "prefix_list_ids": [],
                "protocol": "tcp",
                "security_groups": [],
                "self": false,
                "to_port": 80
              }
            ],
            "name": "ApiSgLoadBalance",
            "name_prefix": "",
            "owner_id": "104689598512",
            "revoke_rules_on_delete": false,
            "tags": {
              "Name": "Allow HTTP through ELB Security Group"
            },
            "tags_all": {
              "Name": "Allow HTTP through ELB Security Group"
            },
            "timeouts": null,
            "vpc_id": "vpc-04981c9f76b59f9dc"
          },
          "sensitive_attributes": [],
          "private": "eyJlMmJmYjczMC1lY2FhLTExZTYtOGY4OC0zNDM2M2JjN2M0YzAiOnsiY3JlYXRlIjo2MDAwMDAwMDAwMDAsImRlbGV0ZSI6OTAwMDAwMDAwMDAwfSwic2NoZW1hX3ZlcnNpb24iOiIxIn0=",
          "dependencies": [
            "aws_vpc.AppVPC"
          ],
          "create_before_destroy": true
        }
      ]
    },
    {
      "mode": "managed",
      "type": "aws_security_group",
      "name": "AppSecurityGroup",
      "provider": "provider[\"registry.terraform.io/hashicorp/aws\"]",
      "instances": [
        {
          "schema_version": 1,
          "attributes": {
            "arn": "arn:aws:ec2:us-east-1:104689598512:security-group/sg-01118a1f98b80eb36",
            "description": "Security group app node",
            "egress": [
              {
                "cidr_blocks": [
                  "0.0.0.0/0"
                ],
                "description": "",
                "from_port": 0,
                "ipv6_cidr_blocks": [
                  "::/0"
                ],
                "prefix_list_ids": [],
                "protocol": "-1",
                "security_groups": [],
                "self": false,
                "to_port": 0
              }
            ],
            "id": "sg-01118a1f98b80eb36",
            "ingress": [
              {
                "cidr_blocks": [
                  "0.0.0.0/0"
                ],
                "description": "sg com acesso http qualquer ip",
                "from_port": 3000,
                "ipv6_cidr_blocks": [],
                "prefix_list_ids": [],
                "protocol": "tcp",
                "security_groups": [],
                "self": false,
                "to_port": 3002
              },
              {
                "cidr_blocks": [
                  "0.0.0.0/0"
                ],
                "description": "sg com acesso https qualquer ip",
                "from_port": 443,
                "ipv6_cidr_blocks": [],
                "prefix_list_ids": [],
                "protocol": "tcp",
                "security_groups": [],
                "self": false,
                "to_port": 443
              },
              {
                "cidr_blocks": [
                  "0.0.0.0/0"
                ],
                "description": "sg com acesso ssh qualquer ip",
                "from_port": 22,
                "ipv6_cidr_blocks": [],
                "prefix_list_ids": [],
                "protocol": "tcp",
                "security_groups": [],
                "self": false,
                "to_port": 22
              }
            ],
            "name": "sgAppKlivus",
            "name_prefix": "",
            "owner_id": "104689598512",
            "revoke_rules_on_delete": false,
            "tags": {
              "Name": "app-security-group"
            },
            "tags_all": {
              "Name": "app-security-group"
            },
            "timeouts": null,
            "vpc_id": "vpc-04981c9f76b59f9dc"
          },
          "sensitive_attributes": [],
          "private": "eyJlMmJmYjczMC1lY2FhLTExZTYtOGY4OC0zNDM2M2JjN2M0YzAiOnsiY3JlYXRlIjo2MDAwMDAwMDAwMDAsImRlbGV0ZSI6OTAwMDAwMDAwMDAwfSwic2NoZW1hX3ZlcnNpb24iOiIxIn0=",
          "dependencies": [
            "aws_vpc.AppVPC"
          ],
          "create_before_destroy": true
        }
      ]
    },
    {
      "mode": "managed",
      "type": "aws_security_group",
      "name": "AppSgDataBase",
      "provider": "provider[\"registry.terraform.io/hashicorp/aws\"]",
      "instances": [
        {
          "schema_version": 1,
          "attributes": {
            "arn": "arn:aws:ec2:us-east-1:104689598512:security-group/sg-0d0b697e163abe65a",
            "description": "Security group database",
            "egress": [
              {
                "cidr_blocks": [
                  "0.0.0.0/0"
                ],
                "description": "",
                "from_port": 0,
                "ipv6_cidr_blocks": [
                  "::/0"
                ],
                "prefix_list_ids": [],
                "protocol": "-1",
                "security_groups": [],
                "self": false,
                "to_port": 0
              }
            ],
            "id": "sg-0d0b697e163abe65a",
            "ingress": [
              {
                "cidr_blocks": [
                  "201.81.17.87/32"
                ],
                "description": "Meu ip",
                "from_port": 5432,
                "ipv6_cidr_blocks": [],
                "prefix_list_ids": [],
                "protocol": "tcp",
                "security_groups": [],
                "self": false,
                "to_port": 5432
              },
              {
                "cidr_blocks": [],
                "description": "sg-api-Klivus",
                "from_port": 5432,
                "ipv6_cidr_blocks": [],
                "prefix_list_ids": [],
                "protocol": "tcp",
                "security_groups": [
                  "sg-01118a1f98b80eb36"
                ],
                "self": false,
                "to_port": 5432
              }
            ],
            "name": "sgDatabaseKlivus",
            "name_prefix": "",
            "owner_id": "104689598512",
            "revoke_rules_on_delete": false,
            "tags": {
              "Name": "sg-database-Klivus"
            },
            "tags_all": {
              "Name": "sg-database-Klivus"
            },
            "timeouts": null,
            "vpc_id": "vpc-04981c9f76b59f9dc"
          },
          "sensitive_attributes": [],
          "private": "eyJlMmJmYjczMC1lY2FhLTExZTYtOGY4OC0zNDM2M2JjN2M0YzAiOnsiY3JlYXRlIjo2MDAwMDAwMDAwMDAsImRlbGV0ZSI6OTAwMDAwMDAwMDAwfSwic2NoZW1hX3ZlcnNpb24iOiIxIn0=",
          "dependencies": [
            "aws_security_group.AppSecurityGroup",
            "aws_vpc.AppVPC"
          ]
        }
      ]
    },
    {
      "mode": "managed",
      "type": "aws_security_group",
      "name": "SiteLBGroup",
      "provider": "provider[\"registry.terraform.io/hashicorp/aws\"]",
      "instances": [
        {
          "schema_version": 1,
          "attributes": {
            "arn": "arn:aws:ec2:us-east-1:104689598512:security-group/sg-01353fb63eb3e730a",
            "description": "Allow HTTP and HTTPS traffic to instances through Elastic Load Balancer",
            "egress": [
              {
                "cidr_blocks": [
                  "0.0.0.0/0"
                ],
                "description": "",
                "from_port": 0,
                "ipv6_cidr_blocks": [],
                "prefix_list_ids": [],
                "protocol": "-1",
                "security_groups": [],
                "self": false,
                "to_port": 0
              }
            ],
            "id": "sg-01353fb63eb3e730a",
            "ingress": [
              {
                "cidr_blocks": [
                  "0.0.0.0/0"
                ],
                "description": "",
                "from_port": 443,
                "ipv6_cidr_blocks": [],
                "prefix_list_ids": [],
                "protocol": "tcp",
                "security_groups": [],
                "self": false,
                "to_port": 443
              },
              {
                "cidr_blocks": [
                  "0.0.0.0/0"
                ],
                "description": "",
                "from_port": 80,
                "ipv6_cidr_blocks": [],
                "prefix_list_ids": [],
                "protocol": "tcp",
                "security_groups": [],
                "self": false,
                "to_port": 80
              },
              {
                "cidr_blocks": [],
                "description": "",
                "from_port": 443,
                "ipv6_cidr_blocks": [
                  "::/0"
                ],
                "prefix_list_ids": [],
                "protocol": "tcp",
                "security_groups": [],
                "self": false,
                "to_port": 443
              }
            ],
            "name": "SiteLBGroup",
            "name_prefix": "",
            "owner_id": "104689598512",
            "revoke_rules_on_delete": false,
            "tags": {
              "Name": "Allow HTTP through ELB Security Group"
            },
            "tags_all": {
              "Name": "Allow HTTP through ELB Security Group"
            },
            "timeouts": null,
            "vpc_id": "vpc-04981c9f76b59f9dc"
          },
          "sensitive_attributes": [],
          "private": "eyJlMmJmYjczMC1lY2FhLTExZTYtOGY4OC0zNDM2M2JjN2M0YzAiOnsiY3JlYXRlIjo2MDAwMDAwMDAwMDAsImRlbGV0ZSI6OTAwMDAwMDAwMDAwfSwic2NoZW1hX3ZlcnNpb24iOiIxIn0=",
          "dependencies": [
            "aws_vpc.AppVPC"
          ],
          "create_before_destroy": true
        }
      ]
    },
    {
      "mode": "managed",
      "type": "aws_security_group",
      "name": "SolutiLBGroup",
      "provider": "provider[\"registry.terraform.io/hashicorp/aws\"]",
      "instances": [
        {
          "schema_version": 1,
          "attributes": {
            "arn": "arn:aws:ec2:us-east-1:104689598512:security-group/sg-03e08bccd2440f1b9",
            "description": "Allow HTTP and HTTPS traffic to instances through Elastic Load Balancer",
            "egress": [
              {
                "cidr_blocks": [
                  "0.0.0.0/0"
                ],
                "description": "",
                "from_port": 0,
                "ipv6_cidr_blocks": [],
                "prefix_list_ids": [],
                "protocol": "-1",
                "security_groups": [],
                "self": false,
                "to_port": 0
              }
            ],
            "id": "sg-03e08bccd2440f1b9",
            "ingress": [
              {
                "cidr_blocks": [
                  "0.0.0.0/0"
                ],
                "description": "",
                "from_port": 443,
                "ipv6_cidr_blocks": [],
                "prefix_list_ids": [],
                "protocol": "tcp",
                "security_groups": [],
                "self": false,
                "to_port": 443
              },
              {
                "cidr_blocks": [
                  "0.0.0.0/0"
                ],
                "description": "",
                "from_port": 80,
                "ipv6_cidr_blocks": [],
                "prefix_list_ids": [],
                "protocol": "tcp",
                "security_groups": [],
                "self": false,
                "to_port": 80
              },
              {
                "cidr_blocks": [],
                "description": "",
                "from_port": 443,
                "ipv6_cidr_blocks": [
                  "::/0"
                ],
                "prefix_list_ids": [],
                "protocol": "tcp",
                "security_groups": [],
                "self": false,
                "to_port": 443
              }
            ],
            "name": "SolutiLBGroup",
            "name_prefix": "",
            "owner_id": "104689598512",
            "revoke_rules_on_delete": false,
            "tags": {
              "Name": "Allow HTTP through ELB Security Group"
            },
            "tags_all": {
              "Name": "Allow HTTP through ELB Security Group"
            },
            "timeouts": null,
            "vpc_id": "vpc-04981c9f76b59f9dc"
          },
          "sensitive_attributes": [],
          "private": "eyJlMmJmYjczMC1lY2FhLTExZTYtOGY4OC0zNDM2M2JjN2M0YzAiOnsiY3JlYXRlIjo2MDAwMDAwMDAwMDAsImRlbGV0ZSI6OTAwMDAwMDAwMDAwfSwic2NoZW1hX3ZlcnNpb24iOiIxIn0=",
          "dependencies": [
            "aws_vpc.AppVPC"
          ],
          "create_before_destroy": true
        }
      ]
    },
    {
      "mode": "managed",
      "type": "aws_subnet",
      "name": "AppPublicSubnet",
      "provider": "provider[\"registry.terraform.io/hashicorp/aws\"]",
      "instances": [
        {
          "index_key": 0,
          "schema_version": 1,
          "attributes": {
            "arn": "arn:aws:ec2:us-east-1:104689598512:subnet/subnet-0b75f63ae13c0d5d4",
            "assign_ipv6_address_on_creation": false,
            "availability_zone": "us-east-1a",
            "availability_zone_id": "use1-az2",
            "cidr_block": "10.0.1.0/24",
            "customer_owned_ipv4_pool": "",
            "enable_dns64": false,
            "enable_resource_name_dns_a_record_on_launch": false,
            "enable_resource_name_dns_aaaa_record_on_launch": false,
            "id": "subnet-0b75f63ae13c0d5d4",
            "ipv6_cidr_block": "",
            "ipv6_cidr_block_association_id": "",
            "ipv6_native": false,
            "map_customer_owned_ip_on_launch": false,
            "map_public_ip_on_launch": true,
            "outpost_arn": "",
            "owner_id": "104689598512",
            "private_dns_hostname_type_on_launch": "ip-name",
            "tags": {
              "Name": "sb-public-Klivus-us-east-1a"
            },
            "tags_all": {
              "Name": "sb-public-Klivus-us-east-1a"
            },
            "timeouts": null,
            "vpc_id": "vpc-04981c9f76b59f9dc"
          },
          "sensitive_attributes": [],
          "private": "eyJlMmJmYjczMC1lY2FhLTExZTYtOGY4OC0zNDM2M2JjN2M0YzAiOnsiY3JlYXRlIjo2MDAwMDAwMDAwMDAsImRlbGV0ZSI6MTIwMDAwMDAwMDAwMH0sInNjaGVtYV92ZXJzaW9uIjoiMSJ9",
          "dependencies": [
            "aws_vpc.AppVPC"
          ],
          "create_before_destroy": true
        },
        {
          "index_key": 1,
          "schema_version": 1,
          "attributes": {
            "arn": "arn:aws:ec2:us-east-1:104689598512:subnet/subnet-075c9ebe76ee485e7",
            "assign_ipv6_address_on_creation": false,
            "availability_zone": "us-east-1b",
            "availability_zone_id": "use1-az4",
            "cidr_block": "10.0.2.0/24",
            "customer_owned_ipv4_pool": "",
            "enable_dns64": false,
            "enable_resource_name_dns_a_record_on_launch": false,
            "enable_resource_name_dns_aaaa_record_on_launch": false,
            "id": "subnet-075c9ebe76ee485e7",
            "ipv6_cidr_block": "",
            "ipv6_cidr_block_association_id": "",
            "ipv6_native": false,
            "map_customer_owned_ip_on_launch": false,
            "map_public_ip_on_launch": true,
            "outpost_arn": "",
            "owner_id": "104689598512",
            "private_dns_hostname_type_on_launch": "ip-name",
            "tags": {
              "Name": "sb-public-Klivus-us-east-1b"
            },
            "tags_all": {
              "Name": "sb-public-Klivus-us-east-1b"
            },
            "timeouts": null,
            "vpc_id": "vpc-04981c9f76b59f9dc"
          },
          "sensitive_attributes": [],
          "private": "eyJlMmJmYjczMC1lY2FhLTExZTYtOGY4OC0zNDM2M2JjN2M0YzAiOnsiY3JlYXRlIjo2MDAwMDAwMDAwMDAsImRlbGV0ZSI6MTIwMDAwMDAwMDAwMH0sInNjaGVtYV92ZXJzaW9uIjoiMSJ9",
          "dependencies": [
            "aws_vpc.AppVPC"
          ],
          "create_before_destroy": true
        },
        {
          "index_key": 2,
          "schema_version": 1,
          "attributes": {
            "arn": "arn:aws:ec2:us-east-1:104689598512:subnet/subnet-0fb114f75c797da55",
            "assign_ipv6_address_on_creation": false,
            "availability_zone": "us-east-1c",
            "availability_zone_id": "use1-az6",
            "cidr_block": "10.0.3.0/24",
            "customer_owned_ipv4_pool": "",
            "enable_dns64": false,
            "enable_resource_name_dns_a_record_on_launch": false,
            "enable_resource_name_dns_aaaa_record_on_launch": false,
            "id": "subnet-0fb114f75c797da55",
            "ipv6_cidr_block": "",
            "ipv6_cidr_block_association_id": "",
            "ipv6_native": false,
            "map_customer_owned_ip_on_launch": false,
            "map_public_ip_on_launch": true,
            "outpost_arn": "",
            "owner_id": "104689598512",
            "private_dns_hostname_type_on_launch": "ip-name",
            "tags": {
              "Name": "sb-public-Klivus-us-east-1c"
            },
            "tags_all": {
              "Name": "sb-public-Klivus-us-east-1c"
            },
            "timeouts": null,
            "vpc_id": "vpc-04981c9f76b59f9dc"
          },
          "sensitive_attributes": [],
          "private": "eyJlMmJmYjczMC1lY2FhLTExZTYtOGY4OC0zNDM2M2JjN2M0YzAiOnsiY3JlYXRlIjo2MDAwMDAwMDAwMDAsImRlbGV0ZSI6MTIwMDAwMDAwMDAwMH0sInNjaGVtYV92ZXJzaW9uIjoiMSJ9",
          "dependencies": [
            "aws_vpc.AppVPC"
          ],
          "create_before_destroy": true
        },
        {
          "index_key": 3,
          "schema_version": 1,
          "attributes": {
            "arn": "arn:aws:ec2:us-east-1:104689598512:subnet/subnet-00375fb7819aecc3f",
            "assign_ipv6_address_on_creation": false,
            "availability_zone": "us-east-1d",
            "availability_zone_id": "use1-az1",
            "cidr_block": "10.0.4.0/24",
            "customer_owned_ipv4_pool": "",
            "enable_dns64": false,
            "enable_resource_name_dns_a_record_on_launch": false,
            "enable_resource_name_dns_aaaa_record_on_launch": false,
            "id": "subnet-00375fb7819aecc3f",
            "ipv6_cidr_block": "",
            "ipv6_cidr_block_association_id": "",
            "ipv6_native": false,
            "map_customer_owned_ip_on_launch": false,
            "map_public_ip_on_launch": true,
            "outpost_arn": "",
            "owner_id": "104689598512",
            "private_dns_hostname_type_on_launch": "ip-name",
            "tags": {
              "Name": "sb-public-Klivus-us-east-1d"
            },
            "tags_all": {
              "Name": "sb-public-Klivus-us-east-1d"
            },
            "timeouts": null,
            "vpc_id": "vpc-04981c9f76b59f9dc"
          },
          "sensitive_attributes": [],
          "private": "eyJlMmJmYjczMC1lY2FhLTExZTYtOGY4OC0zNDM2M2JjN2M0YzAiOnsiY3JlYXRlIjo2MDAwMDAwMDAwMDAsImRlbGV0ZSI6MTIwMDAwMDAwMDAwMH0sInNjaGVtYV92ZXJzaW9uIjoiMSJ9",
          "dependencies": [
            "aws_vpc.AppVPC"
          ],
          "create_before_destroy": true
        }
      ]
    },
    {
      "mode": "managed",
      "type": "aws_vpc",
      "name": "AppVPC",
      "provider": "provider[\"registry.terraform.io/hashicorp/aws\"]",
      "instances": [
        {
          "schema_version": 1,
          "attributes": {
            "arn": "arn:aws:ec2:us-east-1:104689598512:vpc/vpc-04981c9f76b59f9dc",
            "assign_generated_ipv6_cidr_block": false,
            "cidr_block": "10.0.0.0/16",
            "default_network_acl_id": "acl-061c93cbab7725d27",
            "default_route_table_id": "rtb-0ac81eab2889dfee9",
            "default_security_group_id": "sg-0139003175cea5cca",
            "dhcp_options_id": "dopt-05eda04e0d9a4172d",
            "enable_classiclink": false,
            "enable_classiclink_dns_support": false,
            "enable_dns_hostnames": true,
            "enable_dns_support": true,
            "id": "vpc-04981c9f76b59f9dc",
            "instance_tenancy": "default",
            "ipv4_ipam_pool_id": null,
            "ipv4_netmask_length": null,
            "ipv6_association_id": "",
            "ipv6_cidr_block": "",
            "ipv6_cidr_block_network_border_group": "",
            "ipv6_ipam_pool_id": "",
            "ipv6_netmask_length": 0,
            "main_route_table_id": "rtb-0ac81eab2889dfee9",
            "owner_id": "104689598512",
            "tags": {
              "Name": "vpc-app-Klivus"
            },
            "tags_all": {
              "Name": "vpc-app-Klivus"
            }
          },
          "sensitive_attributes": [],
          "private": "eyJzY2hlbWFfdmVyc2lvbiI6IjEifQ==",
          "create_before_destroy": true
        }
      ]
    }
  ]
}
